// !$*UTF8*$!
{
	archiveVersion = 1;
	classes = {
	};
	objectVersion = 56;
	objects = {

/* Begin PBXBuildFile section */
		2C440BF62A27EB99002C2602 /* KamaalUtils in Frameworks */ = {isa = PBXBuildFile; productRef = 2C440BF52A27EB99002C2602 /* KamaalUtils */; };
		2C545C772A37AEDB00A672E0 /* Users in Frameworks */ = {isa = PBXBuildFile; productRef = 2C545C762A37AEDB00A672E0 /* Users */; };
		2C6BABF129FD59B300009E19 /* Assets.xcassets in Resources */ = {isa = PBXBuildFile; fileRef = 2C6BABEC29FD59B200009E19 /* Assets.xcassets */; };
		2C6BABF229FD59B300009E19 /* PocketSlateApp.swift in Sources */ = {isa = PBXBuildFile; fileRef = 2C6BABED29FD59B200009E19 /* PocketSlateApp.swift */; };
		2C6BABF329FD59B300009E19 /* Preview Assets.xcassets in Resources */ = {isa = PBXBuildFile; fileRef = 2C6BABEF29FD59B200009E19 /* Preview Assets.xcassets */; };
		2C6BABF429FD59B300009E19 /* ContentView.swift in Sources */ = {isa = PBXBuildFile; fileRef = 2C6BABF029FD59B200009E19 /* ContentView.swift */; };
		2C6BABF729FD5CCD00009E19 /* KamaalExtensions in Frameworks */ = {isa = PBXBuildFile; productRef = 2C6BABF629FD5CCD00009E19 /* KamaalExtensions */; };
		2C6BABF929FD5CCD00009E19 /* KamaalLogger in Frameworks */ = {isa = PBXBuildFile; productRef = 2C6BABF829FD5CCD00009E19 /* KamaalLogger */; };
		2C6BABFB29FD5CCD00009E19 /* KamaalNavigation in Frameworks */ = {isa = PBXBuildFile; productRef = 2C6BABFA29FD5CCD00009E19 /* KamaalNavigation */; };
		2C6BABFD29FD5CCD00009E19 /* KamaalSettings in Frameworks */ = {isa = PBXBuildFile; productRef = 2C6BABFC29FD5CCD00009E19 /* KamaalSettings */; };
		2C6BABFF29FD5CCD00009E19 /* KamaalUI in Frameworks */ = {isa = PBXBuildFile; productRef = 2C6BABFE29FD5CCD00009E19 /* KamaalUI */; };
		2C6BAC0329FD5D8500009E19 /* Screens.swift in Sources */ = {isa = PBXBuildFile; fileRef = 2C6BAC0229FD5D8500009E19 /* Screens.swift */; };
		2C6BAC1029FD605200009E19 /* AppLocales in Frameworks */ = {isa = PBXBuildFile; productRef = 2C6BAC0F29FD605200009E19 /* AppLocales */; };
		2C6BAC1329FD62D600009E19 /* MainView.swift in Sources */ = {isa = PBXBuildFile; fileRef = 2C6BAC1229FD62D600009E19 /* MainView.swift */; };
		2C6BAC1529FD62F300009E19 /* KamaalPopUp in Frameworks */ = {isa = PBXBuildFile; productRef = 2C6BAC1429FD62F300009E19 /* KamaalPopUp */; };
		2C6BAC1A29FD643500009E19 /* Sidebar.swift in Sources */ = {isa = PBXBuildFile; fileRef = 2C6BAC1929FD643500009E19 /* Sidebar.swift */; };
		2C6BAC1F29FD6A8200009E19 /* Backend in Frameworks */ = {isa = PBXBuildFile; productRef = 2C6BAC1E29FD6A8200009E19 /* Backend */; };
		2C831E632A364D6D0028BCD8 /* Phrases in Frameworks */ = {isa = PBXBuildFile; productRef = 2C831E622A364D6D0028BCD8 /* Phrases */; };
		2CE0E61B2A25017100BD09A3 /* KamaalAlgorithms in Frameworks */ = {isa = PBXBuildFile; productRef = 2CE0E61A2A25017100BD09A3 /* KamaalAlgorithms */; };
		2CE62EFE29FED5C10063BE1D /* AppSettingsScreen.swift in Sources */ = {isa = PBXBuildFile; fileRef = 2CE62EFD29FED5C10063BE1D /* AppSettingsScreen.swift */; };
/* End PBXBuildFile section */

/* Begin PBXFileReference section */
		2C6BABEB29FD59B200009E19 /* PocketSlate.entitlements */ = {isa = PBXFileReference; fileEncoding = 4; lastKnownFileType = text.plist.entitlements; path = PocketSlate.entitlements; sourceTree = "<group>"; };
		2C6BABEC29FD59B200009E19 /* Assets.xcassets */ = {isa = PBXFileReference; lastKnownFileType = folder.assetcatalog; path = Assets.xcassets; sourceTree = "<group>"; };
		2C6BABED29FD59B200009E19 /* PocketSlateApp.swift */ = {isa = PBXFileReference; fileEncoding = 4; lastKnownFileType = sourcecode.swift; path = PocketSlateApp.swift; sourceTree = "<group>"; };
		2C6BABEF29FD59B200009E19 /* Preview Assets.xcassets */ = {isa = PBXFileReference; lastKnownFileType = folder.assetcatalog; path = "Preview Assets.xcassets"; sourceTree = "<group>"; };
		2C6BABF029FD59B200009E19 /* ContentView.swift */ = {isa = PBXFileReference; fileEncoding = 4; lastKnownFileType = sourcecode.swift; path = ContentView.swift; sourceTree = "<group>"; };
		2C6BAC0229FD5D8500009E19 /* Screens.swift */ = {isa = PBXFileReference; lastKnownFileType = sourcecode.swift; path = Screens.swift; sourceTree = "<group>"; };
		2C6BAC0529FD5DB200009E19 /* en.js */ = {isa = PBXFileReference; lastKnownFileType = sourcecode.javascript; path = en.js; sourceTree = "<group>"; };
		2C6BAC0729FD5E2600009E19 /* justfile */ = {isa = PBXFileReference; lastKnownFileType = text; path = justfile; sourceTree = "<group>"; };
		2C6BAC0A29FD5E5C00009E19 /* generateLocales.js */ = {isa = PBXFileReference; lastKnownFileType = sourcecode.javascript; path = generateLocales.js; sourceTree = "<group>"; };
		2C6BAC0D29FD5F8E00009E19 /* AppLocales */ = {isa = PBXFileReference; lastKnownFileType = wrapper; path = AppLocales; sourceTree = "<group>"; };
		2C6BAC1229FD62D600009E19 /* MainView.swift */ = {isa = PBXFileReference; lastKnownFileType = sourcecode.swift; path = MainView.swift; sourceTree = "<group>"; };
		2C6BAC1929FD643500009E19 /* Sidebar.swift */ = {isa = PBXFileReference; lastKnownFileType = sourcecode.swift; path = Sidebar.swift; sourceTree = "<group>"; };
		2C6BAC1B29FD662D00009E19 /* CDPersist */ = {isa = PBXFileReference; lastKnownFileType = wrapper; path = CDPersist; sourceTree = "<group>"; };
		2C6BAC1C29FD665900009E19 /* Models */ = {isa = PBXFileReference; lastKnownFileType = wrapper; path = Models; sourceTree = "<group>"; };
		2C6BAC1D29FD69D500009E19 /* Backend */ = {isa = PBXFileReference; lastKnownFileType = wrapper; path = Backend; sourceTree = "<group>"; };
		2C831E5F2A3649F30028BCD8 /* LICENSE */ = {isa = PBXFileReference; lastKnownFileType = text; path = LICENSE; sourceTree = "<group>"; };
		2C831E602A364A050028BCD8 /* package.json */ = {isa = PBXFileReference; lastKnownFileType = text.json; path = package.json; sourceTree = "<group>"; };
		2C831E612A364BDF0028BCD8 /* Features */ = {isa = PBXFileReference; lastKnownFileType = wrapper; path = Features; sourceTree = "<group>"; };
		2CB0272629FD58DF0000F5AD /* PocketSlate.app */ = {isa = PBXFileReference; explicitFileType = wrapper.application; includeInIndex = 0; path = PocketSlate.app; sourceTree = BUILT_PRODUCTS_DIR; };
		2CD49BC32A24C6D70085DD83 /* Info.plist */ = {isa = PBXFileReference; lastKnownFileType = text.plist; path = Info.plist; sourceTree = "<group>"; };
		2CE62EFD29FED5C10063BE1D /* AppSettingsScreen.swift */ = {isa = PBXFileReference; lastKnownFileType = sourcecode.swift; path = AppSettingsScreen.swift; sourceTree = "<group>"; };
/* End PBXFileReference section */

/* Begin PBXFrameworksBuildPhase section */
		2CB0272329FD58DF0000F5AD /* Frameworks */ = {
			isa = PBXFrameworksBuildPhase;
			buildActionMask = 2147483647;
			files = (
				2C6BABF729FD5CCD00009E19 /* KamaalExtensions in Frameworks */,
				2C6BABFF29FD5CCD00009E19 /* KamaalUI in Frameworks */,
				2C6BAC1029FD605200009E19 /* AppLocales in Frameworks */,
				2C545C772A37AEDB00A672E0 /* Users in Frameworks */,
				2C6BABF929FD5CCD00009E19 /* KamaalLogger in Frameworks */,
				2CE0E61B2A25017100BD09A3 /* KamaalAlgorithms in Frameworks */,
				2C440BF62A27EB99002C2602 /* KamaalUtils in Frameworks */,
				2C6BABFD29FD5CCD00009E19 /* KamaalSettings in Frameworks */,
				2C6BABFB29FD5CCD00009E19 /* KamaalNavigation in Frameworks */,
				2C6BAC1529FD62F300009E19 /* KamaalPopUp in Frameworks */,
				2C831E632A364D6D0028BCD8 /* Phrases in Frameworks */,
				2C6BAC1F29FD6A8200009E19 /* Backend in Frameworks */,
			);
			runOnlyForDeploymentPostprocessing = 0;
		};
/* End PBXFrameworksBuildPhase section */

/* Begin PBXGroup section */
		2C6BABEA29FD59B200009E19 /* PocketSlate */ = {
			isa = PBXGroup;
			children = (
				2C6BABEB29FD59B200009E19 /* PocketSlate.entitlements */,
				2CD49BC32A24C6D70085DD83 /* Info.plist */,
				2C6BABF029FD59B200009E19 /* ContentView.swift */,
				2C6BABED29FD59B200009E19 /* PocketSlateApp.swift */,
				2C6BABEC29FD59B200009E19 /* Assets.xcassets */,
				2C6BAC0129FD5D7300009E19 /* Enumerations */,
				2C6BABEE29FD59B200009E19 /* Preview Content */,
				2C6BAC0029FD5D2B00009E19 /* Views */,
			);
			path = PocketSlate;
			sourceTree = "<group>";
		};
		2C6BABEE29FD59B200009E19 /* Preview Content */ = {
			isa = PBXGroup;
			children = (
				2C6BABEF29FD59B200009E19 /* Preview Assets.xcassets */,
			);
			path = "Preview Content";
			sourceTree = "<group>";
		};
		2C6BAC0029FD5D2B00009E19 /* Views */ = {
			isa = PBXGroup;
			children = (
				2C6BAC1629FD63A800009E19 /* Screens */,
				2C6BAC1129FD62C200009E19 /* SupportingViews */,
			);
			path = Views;
			sourceTree = "<group>";
		};
		2C6BAC0129FD5D7300009E19 /* Enumerations */ = {
			isa = PBXGroup;
			children = (
				2C6BAC0229FD5D8500009E19 /* Screens.swift */,
			);
			path = Enumerations;
			sourceTree = "<group>";
		};
		2C6BAC0429FD5D9C00009E19 /* Locales */ = {
			isa = PBXGroup;
			children = (
				2C6BAC0529FD5DB200009E19 /* en.js */,
			);
			path = Locales;
			sourceTree = "<group>";
		};
		2C6BAC0929FD5E3C00009E19 /* Scripts */ = {
			isa = PBXGroup;
			children = (
				2C6BAC0A29FD5E5C00009E19 /* generateLocales.js */,
			);
			path = Scripts;
			sourceTree = "<group>";
		};
		2C6BAC0C29FD5F7400009E19 /* Modules */ = {
			isa = PBXGroup;
			children = (
				2C6BAC0D29FD5F8E00009E19 /* AppLocales */,
				2C6BAC1D29FD69D500009E19 /* Backend */,
				2C6BAC1B29FD662D00009E19 /* CDPersist */,
				2C831E612A364BDF0028BCD8 /* Features */,
				2C6BAC1C29FD665900009E19 /* Models */,
			);
			path = Modules;
			sourceTree = "<group>";
		};
		2C6BAC0E29FD605200009E19 /* Frameworks */ = {
			isa = PBXGroup;
			children = (
			);
			name = Frameworks;
			sourceTree = "<group>";
		};
		2C6BAC1129FD62C200009E19 /* SupportingViews */ = {
			isa = PBXGroup;
			children = (
				2C6BAC1229FD62D600009E19 /* MainView.swift */,
				2C6BAC1929FD643500009E19 /* Sidebar.swift */,
			);
			path = SupportingViews;
			sourceTree = "<group>";
		};
		2C6BAC1629FD63A800009E19 /* Screens */ = {
			isa = PBXGroup;
			children = (
				2CE62EFD29FED5C10063BE1D /* AppSettingsScreen.swift */,
			);
			path = Screens;
			sourceTree = "<group>";
		};
		2CB0271D29FD58DF0000F5AD = {
			isa = PBXGroup;
			children = (
				2C6BAC0729FD5E2600009E19 /* justfile */,
				2C831E5F2A3649F30028BCD8 /* LICENSE */,
				2C831E602A364A050028BCD8 /* package.json */,
				2C6BAC0E29FD605200009E19 /* Frameworks */,
				2C6BAC0429FD5D9C00009E19 /* Locales */,
				2C6BAC0C29FD5F7400009E19 /* Modules */,
				2C6BABEA29FD59B200009E19 /* PocketSlate */,
				2CB0272729FD58DF0000F5AD /* Products */,
				2C6BAC0929FD5E3C00009E19 /* Scripts */,
			);
			sourceTree = "<group>";
		};
		2CB0272729FD58DF0000F5AD /* Products */ = {
			isa = PBXGroup;
			children = (
				2CB0272629FD58DF0000F5AD /* PocketSlate.app */,
			);
			name = Products;
			sourceTree = "<group>";
		};
/* End PBXGroup section */

/* Begin PBXNativeTarget section */
		2CB0272529FD58DF0000F5AD /* PocketSlate */ = {
			isa = PBXNativeTarget;
			buildConfigurationList = 2CB0273529FD58E20000F5AD /* Build configuration list for PBXNativeTarget "PocketSlate" */;
			buildPhases = (
				2CE62EF229FEBF140063BE1D /* Pre Compile */,
				2CB0272229FD58DF0000F5AD /* Sources */,
				2CB0272329FD58DF0000F5AD /* Frameworks */,
				2CB0272429FD58DF0000F5AD /* Resources */,
			);
			buildRules = (
			);
			dependencies = (
			);
			name = PocketSlate;
			packageProductDependencies = (
				2C6BABF629FD5CCD00009E19 /* KamaalExtensions */,
				2C6BABF829FD5CCD00009E19 /* KamaalLogger */,
				2C6BABFA29FD5CCD00009E19 /* KamaalNavigation */,
				2C6BABFC29FD5CCD00009E19 /* KamaalSettings */,
				2C6BABFE29FD5CCD00009E19 /* KamaalUI */,
				2C6BAC0F29FD605200009E19 /* AppLocales */,
				2C6BAC1429FD62F300009E19 /* KamaalPopUp */,
				2C6BAC1E29FD6A8200009E19 /* Backend */,
				2CE0E61A2A25017100BD09A3 /* KamaalAlgorithms */,
				2C440BF52A27EB99002C2602 /* KamaalUtils */,
				2C831E622A364D6D0028BCD8 /* Phrases */,
				2C545C762A37AEDB00A672E0 /* Users */,
			);
			productName = PocketSlate;
			productReference = 2CB0272629FD58DF0000F5AD /* PocketSlate.app */;
			productType = "com.apple.product-type.application";
		};
/* End PBXNativeTarget section */

/* Begin PBXProject section */
		2CB0271E29FD58DF0000F5AD /* Project object */ = {
			isa = PBXProject;
			attributes = {
				BuildIndependentTargetsInParallel = 1;
				LastSwiftUpdateCheck = 1430;
				LastUpgradeCheck = 1430;
				TargetAttributes = {
					2CB0272529FD58DF0000F5AD = {
						CreatedOnToolsVersion = 14.3;
					};
				};
			};
			buildConfigurationList = 2CB0272129FD58DF0000F5AD /* Build configuration list for PBXProject "PocketSlate" */;
			compatibilityVersion = "Xcode 14.0";
			developmentRegion = en;
			hasScannedForEncodings = 0;
			knownRegions = (
				en,
				Base,
			);
			mainGroup = 2CB0271D29FD58DF0000F5AD;
			packageReferences = (
				2C6BABF529FD5CCD00009E19 /* XCRemoteSwiftPackageReference "KamaalSwift" */,
			);
			productRefGroup = 2CB0272729FD58DF0000F5AD /* Products */;
			projectDirPath = "";
			projectRoot = "";
			targets = (
				2CB0272529FD58DF0000F5AD /* PocketSlate */,
			);
		};
/* End PBXProject section */

/* Begin PBXResourcesBuildPhase section */
		2CB0272429FD58DF0000F5AD /* Resources */ = {
			isa = PBXResourcesBuildPhase;
			buildActionMask = 2147483647;
			files = (
				2C6BABF329FD59B300009E19 /* Preview Assets.xcassets in Resources */,
				2C6BABF129FD59B300009E19 /* Assets.xcassets in Resources */,
			);
			runOnlyForDeploymentPostprocessing = 0;
		};
/* End PBXResourcesBuildPhase section */

/* Begin PBXShellScriptBuildPhase section */
		2CE62EF229FEBF140063BE1D /* Pre Compile */ = {
			isa = PBXShellScriptBuildPhase;
			alwaysOutOfDate = 1;
			buildActionMask = 2147483647;
			files = (
			);
			inputFileListPaths = (
			);
			inputPaths = (
			);
			name = "Pre Compile";
			outputFileListPaths = (
			);
			outputPaths = (
			);
			runOnlyForDeploymentPostprocessing = 0;
			shellPath = /bin/sh;
			shellScript = " if which swiftlint >/dev/null; then\n     swiftlint lint --quiet $@ | sed 's/error: /warning: /g'\n else\n     echo \"warning: SwiftLint not installed, download from https://github.com/realm/SwiftLint\"\n fi\n";
		};
/* End PBXShellScriptBuildPhase section */

/* Begin PBXSourcesBuildPhase section */
		2CB0272229FD58DF0000F5AD /* Sources */ = {
			isa = PBXSourcesBuildPhase;
			buildActionMask = 2147483647;
			files = (
				2C6BAC0329FD5D8500009E19 /* Screens.swift in Sources */,
				2C6BAC1329FD62D600009E19 /* MainView.swift in Sources */,
				2CE62EFE29FED5C10063BE1D /* AppSettingsScreen.swift in Sources */,
				2C6BABF229FD59B300009E19 /* PocketSlateApp.swift in Sources */,
				2C6BAC1A29FD643500009E19 /* Sidebar.swift in Sources */,
				2C6BABF429FD59B300009E19 /* ContentView.swift in Sources */,
			);
			runOnlyForDeploymentPostprocessing = 0;
		};
/* End PBXSourcesBuildPhase section */

/* Begin XCBuildConfiguration section */
		2CB0273329FD58E20000F5AD /* Debug */ = {
			isa = XCBuildConfiguration;
			buildSettings = {
				ALWAYS_SEARCH_USER_PATHS = NO;
				CLANG_ANALYZER_NONNULL = YES;
				CLANG_ANALYZER_NUMBER_OBJECT_CONVERSION = YES_AGGRESSIVE;
				CLANG_CXX_LANGUAGE_STANDARD = "gnu++20";
				CLANG_ENABLE_MODULES = YES;
				CLANG_ENABLE_OBJC_ARC = YES;
				CLANG_ENABLE_OBJC_WEAK = YES;
				CLANG_WARN_BLOCK_CAPTURE_AUTORELEASING = YES;
				CLANG_WARN_BOOL_CONVERSION = YES;
				CLANG_WARN_COMMA = YES;
				CLANG_WARN_CONSTANT_CONVERSION = YES;
				CLANG_WARN_DEPRECATED_OBJC_IMPLEMENTATIONS = YES;
				CLANG_WARN_DIRECT_OBJC_ISA_USAGE = YES_ERROR;
				CLANG_WARN_DOCUMENTATION_COMMENTS = YES;
				CLANG_WARN_EMPTY_BODY = YES;
				CLANG_WARN_ENUM_CONVERSION = YES;
				CLANG_WARN_INFINITE_RECURSION = YES;
				CLANG_WARN_INT_CONVERSION = YES;
				CLANG_WARN_NON_LITERAL_NULL_CONVERSION = YES;
				CLANG_WARN_OBJC_IMPLICIT_RETAIN_SELF = YES;
				CLANG_WARN_OBJC_LITERAL_CONVERSION = YES;
				CLANG_WARN_OBJC_ROOT_CLASS = YES_ERROR;
				CLANG_WARN_QUOTED_INCLUDE_IN_FRAMEWORK_HEADER = YES;
				CLANG_WARN_RANGE_LOOP_ANALYSIS = YES;
				CLANG_WARN_STRICT_PROTOTYPES = YES;
				CLANG_WARN_SUSPICIOUS_MOVE = YES;
				CLANG_WARN_UNGUARDED_AVAILABILITY = YES_AGGRESSIVE;
				CLANG_WARN_UNREACHABLE_CODE = YES;
				CLANG_WARN__DUPLICATE_METHOD_MATCH = YES;
				COPY_PHASE_STRIP = NO;
				DEBUG_INFORMATION_FORMAT = dwarf;
				ENABLE_STRICT_OBJC_MSGSEND = YES;
				ENABLE_TESTABILITY = YES;
				GCC_C_LANGUAGE_STANDARD = gnu11;
				GCC_DYNAMIC_NO_PIC = NO;
				GCC_NO_COMMON_BLOCKS = YES;
				GCC_OPTIMIZATION_LEVEL = 0;
				GCC_PREPROCESSOR_DEFINITIONS = (
					"DEBUG=1",
					"$(inherited)",
				);
				GCC_WARN_64_TO_32_BIT_CONVERSION = YES;
				GCC_WARN_ABOUT_RETURN_TYPE = YES_ERROR;
				GCC_WARN_UNDECLARED_SELECTOR = YES;
				GCC_WARN_UNINITIALIZED_AUTOS = YES_AGGRESSIVE;
				GCC_WARN_UNUSED_FUNCTION = YES;
				GCC_WARN_UNUSED_VARIABLE = YES;
				MTL_ENABLE_DEBUG_INFO = INCLUDE_SOURCE;
				MTL_FAST_MATH = YES;
				ONLY_ACTIVE_ARCH = YES;
				SWIFT_ACTIVE_COMPILATION_CONDITIONS = DEBUG;
				SWIFT_OPTIMIZATION_LEVEL = "-Onone";
			};
			name = Debug;
		};
		2CB0273429FD58E20000F5AD /* Release */ = {
			isa = XCBuildConfiguration;
			buildSettings = {
				ALWAYS_SEARCH_USER_PATHS = NO;
				CLANG_ANALYZER_NONNULL = YES;
				CLANG_ANALYZER_NUMBER_OBJECT_CONVERSION = YES_AGGRESSIVE;
				CLANG_CXX_LANGUAGE_STANDARD = "gnu++20";
				CLANG_ENABLE_MODULES = YES;
				CLANG_ENABLE_OBJC_ARC = YES;
				CLANG_ENABLE_OBJC_WEAK = YES;
				CLANG_WARN_BLOCK_CAPTURE_AUTORELEASING = YES;
				CLANG_WARN_BOOL_CONVERSION = YES;
				CLANG_WARN_COMMA = YES;
				CLANG_WARN_CONSTANT_CONVERSION = YES;
				CLANG_WARN_DEPRECATED_OBJC_IMPLEMENTATIONS = YES;
				CLANG_WARN_DIRECT_OBJC_ISA_USAGE = YES_ERROR;
				CLANG_WARN_DOCUMENTATION_COMMENTS = YES;
				CLANG_WARN_EMPTY_BODY = YES;
				CLANG_WARN_ENUM_CONVERSION = YES;
				CLANG_WARN_INFINITE_RECURSION = YES;
				CLANG_WARN_INT_CONVERSION = YES;
				CLANG_WARN_NON_LITERAL_NULL_CONVERSION = YES;
				CLANG_WARN_OBJC_IMPLICIT_RETAIN_SELF = YES;
				CLANG_WARN_OBJC_LITERAL_CONVERSION = YES;
				CLANG_WARN_OBJC_ROOT_CLASS = YES_ERROR;
				CLANG_WARN_QUOTED_INCLUDE_IN_FRAMEWORK_HEADER = YES;
				CLANG_WARN_RANGE_LOOP_ANALYSIS = YES;
				CLANG_WARN_STRICT_PROTOTYPES = YES;
				CLANG_WARN_SUSPICIOUS_MOVE = YES;
				CLANG_WARN_UNGUARDED_AVAILABILITY = YES_AGGRESSIVE;
				CLANG_WARN_UNREACHABLE_CODE = YES;
				CLANG_WARN__DUPLICATE_METHOD_MATCH = YES;
				COPY_PHASE_STRIP = NO;
				DEBUG_INFORMATION_FORMAT = "dwarf-with-dsym";
				ENABLE_NS_ASSERTIONS = NO;
				ENABLE_STRICT_OBJC_MSGSEND = YES;
				GCC_C_LANGUAGE_STANDARD = gnu11;
				GCC_NO_COMMON_BLOCKS = YES;
				GCC_WARN_64_TO_32_BIT_CONVERSION = YES;
				GCC_WARN_ABOUT_RETURN_TYPE = YES_ERROR;
				GCC_WARN_UNDECLARED_SELECTOR = YES;
				GCC_WARN_UNINITIALIZED_AUTOS = YES_AGGRESSIVE;
				GCC_WARN_UNUSED_FUNCTION = YES;
				GCC_WARN_UNUSED_VARIABLE = YES;
				MTL_ENABLE_DEBUG_INFO = NO;
				MTL_FAST_MATH = YES;
				SWIFT_COMPILATION_MODE = wholemodule;
				SWIFT_OPTIMIZATION_LEVEL = "-O";
			};
			name = Release;
		};
		2CB0273629FD58E20000F5AD /* Debug */ = {
			isa = XCBuildConfiguration;
			buildSettings = {
				ASSETCATALOG_COMPILER_APPICON_NAME = AppIcon;
				ASSETCATALOG_COMPILER_GLOBAL_ACCENT_COLOR_NAME = AccentColor;
				CODE_SIGN_ENTITLEMENTS = PocketSlate/PocketSlate.entitlements;
				CODE_SIGN_STYLE = Automatic;
				CURRENT_PROJECT_VERSION = 1;
				DEVELOPMENT_ASSET_PATHS = "\"PocketSlate/Preview Content\"";
				DEVELOPMENT_TEAM = DXUKH9VF73;
				ENABLE_HARDENED_RUNTIME = YES;
				ENABLE_PREVIEWS = YES;
				GENERATE_INFOPLIST_FILE = YES;
				INFOPLIST_FILE = PocketSlate/Info.plist;
				"INFOPLIST_KEY_UIApplicationSceneManifest_Generation[sdk=iphoneos*]" = YES;
				"INFOPLIST_KEY_UIApplicationSceneManifest_Generation[sdk=iphonesimulator*]" = YES;
				"INFOPLIST_KEY_UIApplicationSupportsIndirectInputEvents[sdk=iphoneos*]" = YES;
				"INFOPLIST_KEY_UIApplicationSupportsIndirectInputEvents[sdk=iphonesimulator*]" = YES;
				"INFOPLIST_KEY_UILaunchScreen_Generation[sdk=iphoneos*]" = YES;
				"INFOPLIST_KEY_UILaunchScreen_Generation[sdk=iphonesimulator*]" = YES;
				"INFOPLIST_KEY_UIStatusBarStyle[sdk=iphoneos*]" = UIStatusBarStyleDefault;
				"INFOPLIST_KEY_UIStatusBarStyle[sdk=iphonesimulator*]" = UIStatusBarStyleDefault;
				INFOPLIST_KEY_UISupportedInterfaceOrientations_iPad = "UIInterfaceOrientationPortrait UIInterfaceOrientationPortraitUpsideDown UIInterfaceOrientationLandscapeLeft UIInterfaceOrientationLandscapeRight";
				INFOPLIST_KEY_UISupportedInterfaceOrientations_iPhone = "UIInterfaceOrientationPortrait UIInterfaceOrientationLandscapeLeft UIInterfaceOrientationLandscapeRight";
				IPHONEOS_DEPLOYMENT_TARGET = 15.0;
				LD_RUNPATH_SEARCH_PATHS = "@executable_path/Frameworks";
				"LD_RUNPATH_SEARCH_PATHS[sdk=macosx*]" = "@executable_path/../Frameworks";
				MACOSX_DEPLOYMENT_TARGET = 12.0;
				MARKETING_VERSION = 1.0;
				PRODUCT_BUNDLE_IDENTIFIER = io.kamaal.PocketSlate;
				PRODUCT_NAME = "$(TARGET_NAME)";
				SDKROOT = auto;
				SUPPORTED_PLATFORMS = "iphoneos iphonesimulator macosx";
				SWIFT_EMIT_LOC_STRINGS = YES;
				SWIFT_VERSION = 5.0;
				TARGETED_DEVICE_FAMILY = "1,2";
			};
			name = Debug;
		};
		2CB0273729FD58E20000F5AD /* Release */ = {
			isa = XCBuildConfiguration;
			buildSettings = {
				ASSETCATALOG_COMPILER_APPICON_NAME = AppIcon;
				ASSETCATALOG_COMPILER_GLOBAL_ACCENT_COLOR_NAME = AccentColor;
				CODE_SIGN_ENTITLEMENTS = PocketSlate/PocketSlate.entitlements;
				CODE_SIGN_STYLE = Automatic;
				CURRENT_PROJECT_VERSION = 1;
				DEVELOPMENT_ASSET_PATHS = "\"PocketSlate/Preview Content\"";
				DEVELOPMENT_TEAM = DXUKH9VF73;
				ENABLE_HARDENED_RUNTIME = YES;
				ENABLE_PREVIEWS = YES;
				GENERATE_INFOPLIST_FILE = YES;
				INFOPLIST_FILE = PocketSlate/Info.plist;
				"INFOPLIST_KEY_UIApplicationSceneManifest_Generation[sdk=iphoneos*]" = YES;
				"INFOPLIST_KEY_UIApplicationSceneManifest_Generation[sdk=iphonesimulator*]" = YES;
				"INFOPLIST_KEY_UIApplicationSupportsIndirectInputEvents[sdk=iphoneos*]" = YES;
				"INFOPLIST_KEY_UIApplicationSupportsIndirectInputEvents[sdk=iphonesimulator*]" = YES;
				"INFOPLIST_KEY_UILaunchScreen_Generation[sdk=iphoneos*]" = YES;
				"INFOPLIST_KEY_UILaunchScreen_Generation[sdk=iphonesimulator*]" = YES;
				"INFOPLIST_KEY_UIStatusBarStyle[sdk=iphoneos*]" = UIStatusBarStyleDefault;
				"INFOPLIST_KEY_UIStatusBarStyle[sdk=iphonesimulator*]" = UIStatusBarStyleDefault;
				INFOPLIST_KEY_UISupportedInterfaceOrientations_iPad = "UIInterfaceOrientationPortrait UIInterfaceOrientationPortraitUpsideDown UIInterfaceOrientationLandscapeLeft UIInterfaceOrientationLandscapeRight";
				INFOPLIST_KEY_UISupportedInterfaceOrientations_iPhone = "UIInterfaceOrientationPortrait UIInterfaceOrientationLandscapeLeft UIInterfaceOrientationLandscapeRight";
				IPHONEOS_DEPLOYMENT_TARGET = 15.0;
				LD_RUNPATH_SEARCH_PATHS = "@executable_path/Frameworks";
				"LD_RUNPATH_SEARCH_PATHS[sdk=macosx*]" = "@executable_path/../Frameworks";
				MACOSX_DEPLOYMENT_TARGET = 12.0;
				MARKETING_VERSION = 1.0;
				PRODUCT_BUNDLE_IDENTIFIER = io.kamaal.PocketSlate;
				PRODUCT_NAME = "$(TARGET_NAME)";
				SDKROOT = auto;
				SUPPORTED_PLATFORMS = "iphoneos iphonesimulator macosx";
				SWIFT_EMIT_LOC_STRINGS = YES;
				SWIFT_VERSION = 5.0;
				TARGETED_DEVICE_FAMILY = "1,2";
			};
			name = Release;
		};
/* End XCBuildConfiguration section */

/* Begin XCConfigurationList section */
		2CB0272129FD58DF0000F5AD /* Build configuration list for PBXProject "PocketSlate" */ = {
			isa = XCConfigurationList;
			buildConfigurations = (
				2CB0273329FD58E20000F5AD /* Debug */,
				2CB0273429FD58E20000F5AD /* Release */,
			);
			defaultConfigurationIsVisible = 0;
			defaultConfigurationName = Release;
		};
		2CB0273529FD58E20000F5AD /* Build configuration list for PBXNativeTarget "PocketSlate" */ = {
			isa = XCConfigurationList;
			buildConfigurations = (
				2CB0273629FD58E20000F5AD /* Debug */,
				2CB0273729FD58E20000F5AD /* Release */,
			);
			defaultConfigurationIsVisible = 0;
			defaultConfigurationName = Release;
		};
/* End XCConfigurationList section */

/* Begin XCRemoteSwiftPackageReference section */
		2C6BABF529FD5CCD00009E19 /* XCRemoteSwiftPackageReference "KamaalSwift" */ = {
			isa = XCRemoteSwiftPackageReference;
			repositoryURL = "https://github.com/Kamaalio/KamaalSwift.git";
			requirement = {
				kind = upToNextMinorVersion;
				minimumVersion = 0.8.1;
			};
		};
/* End XCRemoteSwiftPackageReference section */

/* Begin XCSwiftPackageProductDependency section */
		2C440BF52A27EB99002C2602 /* KamaalUtils */ = {
			isa = XCSwiftPackageProductDependency;
			package = 2C6BABF529FD5CCD00009E19 /* XCRemoteSwiftPackageReference "KamaalSwift" */;
			productName = KamaalUtils;
		};
		2C545C762A37AEDB00A672E0 /* Users */ = {
			isa = XCSwiftPackageProductDependency;
			productName = Users;
		};
		2C6BABF629FD5CCD00009E19 /* KamaalExtensions */ = {
			isa = XCSwiftPackageProductDependency;
			package = 2C6BABF529FD5CCD00009E19 /* XCRemoteSwiftPackageReference "KamaalSwift" */;
			productName = KamaalExtensions;
		};
		2C6BABF829FD5CCD00009E19 /* KamaalLogger */ = {
			isa = XCSwiftPackageProductDependency;
			package = 2C6BABF529FD5CCD00009E19 /* XCRemoteSwiftPackageReference "KamaalSwift" */;
			productName = KamaalLogger;
		};
		2C6BABFA29FD5CCD00009E19 /* KamaalNavigation */ = {
			isa = XCSwiftPackageProductDependency;
			package = 2C6BABF529FD5CCD00009E19 /* XCRemoteSwiftPackageReference "KamaalSwift" */;
			productName = KamaalNavigation;
		};
		2C6BABFC29FD5CCD00009E19 /* KamaalSettings */ = {
			isa = XCSwiftPackageProductDependency;
			package = 2C6BABF529FD5CCD00009E19 /* XCRemoteSwiftPackageReference "KamaalSwift" */;
			productName = KamaalSettings;
		};
		2C6BABFE29FD5CCD00009E19 /* KamaalUI */ = {
			isa = XCSwiftPackageProductDependency;
			package = 2C6BABF529FD5CCD00009E19 /* XCRemoteSwiftPackageReference "KamaalSwift" */;
			productName = KamaalUI;
		};
		2C6BAC0F29FD605200009E19 /* AppLocales */ = {
			isa = XCSwiftPackageProductDependency;
			productName = AppLocales;
		};
		2C6BAC1429FD62F300009E19 /* KamaalPopUp */ = {
			isa = XCSwiftPackageProductDependency;
			package = 2C6BABF529FD5CCD00009E19 /* XCRemoteSwiftPackageReference "KamaalSwift" */;
			productName = KamaalPopUp;
		};
		2C6BAC1E29FD6A8200009E19 /* Backend */ = {
			isa = XCSwiftPackageProductDependency;
			productName = Backend;
		};
		2C831E622A364D6D0028BCD8 /* Phrases */ = {
			isa = XCSwiftPackageProductDependency;
			productName = Phrases;
		};
		2CE0E61A2A25017100BD09A3 /* KamaalAlgorithms */ = {
			isa = XCSwiftPackageProductDependency;
			package = 2C6BABF529FD5CCD00009E19 /* XCRemoteSwiftPackageReference "KamaalSwift" */;
			productName = KamaalAlgorithms;
		};
/* End XCSwiftPackageProductDependency section */
	};
	rootObject = 2CB0271E29FD58DF0000F5AD /* Project object */;
}
