// !$*UTF8*$!
{
	archiveVersion = 1;
	classes = {
	};
	objectVersion = 56;
	objects = {

/* Begin PBXBuildFile section */
		2C08636C2A6C320300EE30DB /* PlaygroundApp.swift in Sources */ = {isa = PBXBuildFile; fileRef = 2C08636B2A6C320300EE30DB /* PlaygroundApp.swift */; };
		2C08636E2A6C320300EE30DB /* ContentView.swift in Sources */ = {isa = PBXBuildFile; fileRef = 2C08636D2A6C320300EE30DB /* ContentView.swift */; };
		2C0863702A6C320500EE30DB /* Assets.xcassets in Resources */ = {isa = PBXBuildFile; fileRef = 2C08636F2A6C320500EE30DB /* Assets.xcassets */; };
		2C0863742A6C320500EE30DB /* Preview Assets.xcassets in Resources */ = {isa = PBXBuildFile; fileRef = 2C0863732A6C320500EE30DB /* Preview Assets.xcassets */; };
		2C0863792A6C343700EE30DB /* KamaalUI in Frameworks */ = {isa = PBXBuildFile; productRef = 2C0863782A6C343700EE30DB /* KamaalUI */; };
		2C08637B2A6C35B500EE30DB /* AppUI in Frameworks */ = {isa = PBXBuildFile; productRef = 2C08637A2A6C35B500EE30DB /* AppUI */; };
		2C08637F2A6C360E00EE30DB /* PlaygroundNavigationButton.swift in Sources */ = {isa = PBXBuildFile; fileRef = 2C08637E2A6C360E00EE30DB /* PlaygroundNavigationButton.swift */; };
		2C0863812A6C366800EE30DB /* WideNavigationLink.swift in Sources */ = {isa = PBXBuildFile; fileRef = 2C0863802A6C366800EE30DB /* WideNavigationLink.swift */; };
		2C0863832A6C36DA00EE30DB /* Screens.swift in Sources */ = {isa = PBXBuildFile; fileRef = 2C0863822A6C36DA00EE30DB /* Screens.swift */; };
		2C0863862A6C379300EE30DB /* AppLogoCreatorScreen.swift in Sources */ = {isa = PBXBuildFile; fileRef = 2C0863852A6C379300EE30DB /* AppLogoCreatorScreen.swift */; };
		2C0863882A6C3BD700EE30DB /* AppLogoColorFormRow.swift in Sources */ = {isa = PBXBuildFile; fileRef = 2C0863872A6C3BD700EE30DB /* AppLogoColorFormRow.swift */; };
		2C08638A2A6C3C7800EE30DB /* AppLogoColorSelector.swift in Sources */ = {isa = PBXBuildFile; fileRef = 2C0863892A6C3C7800EE30DB /* AppLogoColorSelector.swift */; };
		2C08638C2A6C43F600EE30DB /* AppLogo.swift in Sources */ = {isa = PBXBuildFile; fileRef = 2C08638B2A6C43F600EE30DB /* AppLogo.swift */; };
		2C08638E2A6C45B800EE30DB /* KamaalExtensions in Frameworks */ = {isa = PBXBuildFile; productRef = 2C08638D2A6C45B800EE30DB /* KamaalExtensions */; };
		2C0863942A6C4CB200EE30DB /* KoreanCalligraphy.ttf in Resources */ = {isa = PBXBuildFile; fileRef = 2C0863932A6C4CB200EE30DB /* KoreanCalligraphy.ttf */; };
		2C2D7B052A4888E200330C8E /* AppDelegate_iOS.swift in Sources */ = {isa = PBXBuildFile; fileRef = 2C2D7B042A4888E200330C8E /* AppDelegate_iOS.swift */; };
		2C3333E62A48C7BB00990E4E /* CloudSyncing in Frameworks */ = {isa = PBXBuildFile; productRef = 2C3333E52A48C7BB00990E4E /* CloudSyncing */; };
		2C3333E92A48C85A00990E4E /* KamaalLogger in Frameworks */ = {isa = PBXBuildFile; productRef = 2C3333E82A48C85A00990E4E /* KamaalLogger */; };
		2C3333EB2A48C95C00990E4E /* AppDelegate_macOS.swift in Sources */ = {isa = PBXBuildFile; fileRef = 2C3333EA2A48C95C00990E4E /* AppDelegate_macOS.swift */; };
		2C545C772A37AEDB00A672E0 /* Users in Frameworks */ = {isa = PBXBuildFile; productRef = 2C545C762A37AEDB00A672E0 /* Users */; };
		2C6BABF129FD59B300009E19 /* Assets.xcassets in Resources */ = {isa = PBXBuildFile; fileRef = 2C6BABEC29FD59B200009E19 /* Assets.xcassets */; };
		2C6BABF229FD59B300009E19 /* PocketSlateApp.swift in Sources */ = {isa = PBXBuildFile; fileRef = 2C6BABED29FD59B200009E19 /* PocketSlateApp.swift */; };
		2C6BABF329FD59B300009E19 /* Preview Assets.xcassets in Resources */ = {isa = PBXBuildFile; fileRef = 2C6BABEF29FD59B200009E19 /* Preview Assets.xcassets */; };
		2C6BABF429FD59B300009E19 /* ContentView.swift in Sources */ = {isa = PBXBuildFile; fileRef = 2C6BABF029FD59B200009E19 /* ContentView.swift */; };
		2C6BAC1029FD605200009E19 /* AppLocales in Frameworks */ = {isa = PBXBuildFile; productRef = 2C6BAC0F29FD605200009E19 /* AppLocales */; };
		2C9094B42A6C69A500160DE8 /* KamaalLogger in Frameworks */ = {isa = PBXBuildFile; productRef = 2C9094B32A6C69A500160DE8 /* KamaalLogger */; };
		2C9094B72A6C6A4700160DE8 /* Shell.swift in Sources */ = {isa = PBXBuildFile; fileRef = 2C9094B62A6C6A4700160DE8 /* Shell.swift */; };
		2C9094BC2A6C6C6E00160DE8 /* app-icon-generator in Resources */ = {isa = PBXBuildFile; fileRef = 2C9094BB2A6C6C6E00160DE8 /* app-icon-generator */; };
		2C9094BF2A6C6DDF00160DE8 /* FileManager+extensions.swift in Sources */ = {isa = PBXBuildFile; fileRef = 2C9094BE2A6C6DDF00160DE8 /* FileManager+extensions.swift */; };
		2C9094C12A6C700E00160DE8 /* SavePanel.swift in Sources */ = {isa = PBXBuildFile; fileRef = 2C9094C02A6C700E00160DE8 /* SavePanel.swift */; };
		2CDCDD502A6ECAF600CF7757 /* AppDelegate_macOS.swift in Sources */ = {isa = PBXBuildFile; fileRef = 2C3333EA2A48C95C00990E4E /* AppDelegate_macOS.swift */; };
		2CDCDD512A6ECAF600CF7757 /* AppDelegate_iOS.swift in Sources */ = {isa = PBXBuildFile; fileRef = 2C2D7B042A4888E200330C8E /* AppDelegate_iOS.swift */; };
		2CDCDD522A6ECAF600CF7757 /* PocketSlateApp.swift in Sources */ = {isa = PBXBuildFile; fileRef = 2C6BABED29FD59B200009E19 /* PocketSlateApp.swift */; };
		2CDCDD532A6ECAF600CF7757 /* ContentView.swift in Sources */ = {isa = PBXBuildFile; fileRef = 2C6BABF029FD59B200009E19 /* ContentView.swift */; };
		2CDCDD552A6ECAF600CF7757 /* CloudSyncing in Frameworks */ = {isa = PBXBuildFile; productRef = 2CDCDD4B2A6ECAF600CF7757 /* CloudSyncing */; };
		2CDCDD562A6ECAF600CF7757 /* AppLocales in Frameworks */ = {isa = PBXBuildFile; productRef = 2CDCDD472A6ECAF600CF7757 /* AppLocales */; };
		2CDCDD572A6ECAF600CF7757 /* Users in Frameworks */ = {isa = PBXBuildFile; productRef = 2CDCDD492A6ECAF600CF7757 /* Users */; };
		2CDCDD582A6ECAF600CF7757 /* Navigation in Frameworks */ = {isa = PBXBuildFile; productRef = 2CDCDD4A2A6ECAF600CF7757 /* Navigation */; };
		2CDCDD5A2A6ECAF600CF7757 /* KamaalLogger in Frameworks */ = {isa = PBXBuildFile; productRef = 2CDCDD4C2A6ECAF600CF7757 /* KamaalLogger */; };
		2CDCDD5C2A6ECAF600CF7757 /* Preview Assets.xcassets in Resources */ = {isa = PBXBuildFile; fileRef = 2C6BABEF29FD59B200009E19 /* Preview Assets.xcassets */; };
		2CDCDD5D2A6ECAF600CF7757 /* Assets.xcassets in Resources */ = {isa = PBXBuildFile; fileRef = 2C6BABEC29FD59B200009E19 /* Assets.xcassets */; };
		2CDF2BF52A3B9A9B007CA8FC /* Navigation in Frameworks */ = {isa = PBXBuildFile; productRef = 2CDF2BF42A3B9A9B007CA8FC /* Navigation */; };
		2CF434182AB5B87C004BB880 /* PhrasesV2 in Frameworks */ = {isa = PBXBuildFile; productRef = 2CF434172AB5B87C004BB880 /* PhrasesV2 */; };
		2CF4341A2AB5B88C004BB880 /* PhrasesV2 in Frameworks */ = {isa = PBXBuildFile; productRef = 2CF434192AB5B88C004BB880 /* PhrasesV2 */; };
/* End PBXBuildFile section */

/* Begin PBXFileReference section */
		2C0863692A6C320300EE30DB /* Playground.app */ = {isa = PBXFileReference; explicitFileType = wrapper.application; includeInIndex = 0; path = Playground.app; sourceTree = BUILT_PRODUCTS_DIR; };
		2C08636B2A6C320300EE30DB /* PlaygroundApp.swift */ = {isa = PBXFileReference; lastKnownFileType = sourcecode.swift; path = PlaygroundApp.swift; sourceTree = "<group>"; };
		2C08636D2A6C320300EE30DB /* ContentView.swift */ = {isa = PBXFileReference; lastKnownFileType = sourcecode.swift; path = ContentView.swift; sourceTree = "<group>"; };
		2C08636F2A6C320500EE30DB /* Assets.xcassets */ = {isa = PBXFileReference; lastKnownFileType = folder.assetcatalog; path = Assets.xcassets; sourceTree = "<group>"; };
		2C0863712A6C320500EE30DB /* Playground.entitlements */ = {isa = PBXFileReference; lastKnownFileType = text.plist.entitlements; path = Playground.entitlements; sourceTree = "<group>"; };
		2C0863732A6C320500EE30DB /* Preview Assets.xcassets */ = {isa = PBXFileReference; lastKnownFileType = folder.assetcatalog; path = "Preview Assets.xcassets"; sourceTree = "<group>"; };
		2C08637E2A6C360E00EE30DB /* PlaygroundNavigationButton.swift */ = {isa = PBXFileReference; lastKnownFileType = sourcecode.swift; path = PlaygroundNavigationButton.swift; sourceTree = "<group>"; };
		2C0863802A6C366800EE30DB /* WideNavigationLink.swift */ = {isa = PBXFileReference; lastKnownFileType = sourcecode.swift; path = WideNavigationLink.swift; sourceTree = "<group>"; };
		2C0863822A6C36DA00EE30DB /* Screens.swift */ = {isa = PBXFileReference; lastKnownFileType = sourcecode.swift; path = Screens.swift; sourceTree = "<group>"; };
		2C0863852A6C379300EE30DB /* AppLogoCreatorScreen.swift */ = {isa = PBXFileReference; lastKnownFileType = sourcecode.swift; path = AppLogoCreatorScreen.swift; sourceTree = "<group>"; };
		2C0863872A6C3BD700EE30DB /* AppLogoColorFormRow.swift */ = {isa = PBXFileReference; lastKnownFileType = sourcecode.swift; path = AppLogoColorFormRow.swift; sourceTree = "<group>"; };
		2C0863892A6C3C7800EE30DB /* AppLogoColorSelector.swift */ = {isa = PBXFileReference; lastKnownFileType = sourcecode.swift; path = AppLogoColorSelector.swift; sourceTree = "<group>"; };
		2C08638B2A6C43F600EE30DB /* AppLogo.swift */ = {isa = PBXFileReference; lastKnownFileType = sourcecode.swift; path = AppLogo.swift; sourceTree = "<group>"; };
		2C0863922A6C48E600EE30DB /* Info.plist */ = {isa = PBXFileReference; lastKnownFileType = text.plist; path = Info.plist; sourceTree = "<group>"; };
		2C0863932A6C4CB200EE30DB /* KoreanCalligraphy.ttf */ = {isa = PBXFileReference; lastKnownFileType = file; path = KoreanCalligraphy.ttf; sourceTree = "<group>"; };
		2C2D7B042A4888E200330C8E /* AppDelegate_iOS.swift */ = {isa = PBXFileReference; lastKnownFileType = sourcecode.swift; path = AppDelegate_iOS.swift; sourceTree = "<group>"; };
		2C2F11092A632AD80027EAEE /* PocketSlateAPI */ = {isa = PBXFileReference; lastKnownFileType = wrapper; path = PocketSlateAPI; sourceTree = "<group>"; };
		2C3333E42A48C50F00990E4E /* .gitkeep */ = {isa = PBXFileReference; lastKnownFileType = text; path = .gitkeep; sourceTree = "<group>"; };
		2C3333EA2A48C95C00990E4E /* AppDelegate_macOS.swift */ = {isa = PBXFileReference; lastKnownFileType = sourcecode.swift; path = AppDelegate_macOS.swift; sourceTree = "<group>"; };
		2C46904D2A4851D3006A8730 /* LexiGlotty.xctestplan */ = {isa = PBXFileReference; fileEncoding = 4; lastKnownFileType = text; path = LexiGlotty.xctestplan; sourceTree = "<group>"; };
		2C6BABEB29FD59B200009E19 /* LexiGlottyMacOS.entitlements */ = {isa = PBXFileReference; fileEncoding = 4; lastKnownFileType = text.plist.entitlements; path = LexiGlottyMacOS.entitlements; sourceTree = "<group>"; };
		2C6BABEC29FD59B200009E19 /* Assets.xcassets */ = {isa = PBXFileReference; lastKnownFileType = folder.assetcatalog; path = Assets.xcassets; sourceTree = "<group>"; };
		2C6BABED29FD59B200009E19 /* PocketSlateApp.swift */ = {isa = PBXFileReference; fileEncoding = 4; lastKnownFileType = sourcecode.swift; path = PocketSlateApp.swift; sourceTree = "<group>"; };
		2C6BABEF29FD59B200009E19 /* Preview Assets.xcassets */ = {isa = PBXFileReference; lastKnownFileType = folder.assetcatalog; path = "Preview Assets.xcassets"; sourceTree = "<group>"; };
		2C6BABF029FD59B200009E19 /* ContentView.swift */ = {isa = PBXFileReference; fileEncoding = 4; lastKnownFileType = sourcecode.swift; path = ContentView.swift; sourceTree = "<group>"; };
		2C6BAC0529FD5DB200009E19 /* en.js */ = {isa = PBXFileReference; lastKnownFileType = sourcecode.javascript; path = en.js; sourceTree = "<group>"; };
		2C6BAC0729FD5E2600009E19 /* justfile */ = {isa = PBXFileReference; lastKnownFileType = text; path = justfile; sourceTree = "<group>"; };
		2C6BAC0A29FD5E5C00009E19 /* generateLocales.js */ = {isa = PBXFileReference; lastKnownFileType = sourcecode.javascript; path = generateLocales.js; sourceTree = "<group>"; };
		2C6BAC0D29FD5F8E00009E19 /* AppLocales */ = {isa = PBXFileReference; lastKnownFileType = wrapper; path = AppLocales; sourceTree = "<group>"; };
		2C6BAC1C29FD665900009E19 /* Models */ = {isa = PBXFileReference; lastKnownFileType = wrapper; path = Models; sourceTree = "<group>"; };
		2C831E5F2A3649F30028BCD8 /* LICENSE */ = {isa = PBXFileReference; lastKnownFileType = text; path = LICENSE; sourceTree = "<group>"; };
		2C831E602A364A050028BCD8 /* package.json */ = {isa = PBXFileReference; lastKnownFileType = text.json; path = package.json; sourceTree = "<group>"; };
		2C831E612A364BDF0028BCD8 /* Features */ = {isa = PBXFileReference; lastKnownFileType = wrapper; path = Features; sourceTree = "<group>"; };
		2C9094B62A6C6A4700160DE8 /* Shell.swift */ = {isa = PBXFileReference; lastKnownFileType = sourcecode.swift; path = Shell.swift; sourceTree = "<group>"; };
		2C9094BB2A6C6C6E00160DE8 /* app-icon-generator */ = {isa = PBXFileReference; lastKnownFileType = "compiled.mach-o.executable"; path = "app-icon-generator"; sourceTree = "<group>"; };
		2C9094BE2A6C6DDF00160DE8 /* FileManager+extensions.swift */ = {isa = PBXFileReference; lastKnownFileType = sourcecode.swift; path = "FileManager+extensions.swift"; sourceTree = "<group>"; };
		2C9094C02A6C700E00160DE8 /* SavePanel.swift */ = {isa = PBXFileReference; lastKnownFileType = sourcecode.swift; path = SavePanel.swift; sourceTree = "<group>"; };
		2C93E7A32A6EDAB700476C41 /* README.md */ = {isa = PBXFileReference; lastKnownFileType = net.daringfireball.markdown; path = README.md; sourceTree = "<group>"; };
		2C93E7A42A6EDAC600476C41 /* Gemfile */ = {isa = PBXFileReference; lastKnownFileType = text; path = Gemfile; sourceTree = "<group>"; };
		2CB0272629FD58DF0000F5AD /* LexiGlotty.app */ = {isa = PBXFileReference; explicitFileType = wrapper.application; includeInIndex = 0; path = LexiGlotty.app; sourceTree = BUILT_PRODUCTS_DIR; };
		2CBF68862A6B026400A593E1 /* PSShared */ = {isa = PBXFileReference; lastKnownFileType = wrapper; path = PSShared; sourceTree = "<group>"; };
		2CD49BC32A24C6D70085DD83 /* MacOSInfo.plist */ = {isa = PBXFileReference; lastKnownFileType = text.plist.xml; path = MacOSInfo.plist; sourceTree = "<group>"; };
		2CDCDD612A6ECAF600CF7757 /* LexiGlotty.app */ = {isa = PBXFileReference; explicitFileType = wrapper.application; includeInIndex = 0; path = LexiGlotty.app; sourceTree = BUILT_PRODUCTS_DIR; };
		2CDCDD632A6ECB3C00CF7757 /* IOSInfo.plist */ = {isa = PBXFileReference; lastKnownFileType = text.plist.xml; path = IOSInfo.plist; sourceTree = "<group>"; };
		2CDCDD642A6ECC4200CF7757 /* LexiGlottyIOS.entitlements */ = {isa = PBXFileReference; lastKnownFileType = text.plist.entitlements; path = LexiGlottyIOS.entitlements; sourceTree = "<group>"; };
		2CDF2BF32A3B9A5C007CA8FC /* Navigation */ = {isa = PBXFileReference; lastKnownFileType = wrapper; path = Navigation; sourceTree = "<group>"; };
		2CDF2BF82A3B9EAC007CA8FC /* AppUI */ = {isa = PBXFileReference; lastKnownFileType = wrapper; path = AppUI; sourceTree = "<group>"; };
/* End PBXFileReference section */

/* Begin PBXFrameworksBuildPhase section */
		2C0863662A6C320300EE30DB /* Frameworks */ = {
			isa = PBXFrameworksBuildPhase;
			buildActionMask = 2147483647;
			files = (
				2C08638E2A6C45B800EE30DB /* KamaalExtensions in Frameworks */,
				2C08637B2A6C35B500EE30DB /* AppUI in Frameworks */,
				2C0863792A6C343700EE30DB /* KamaalUI in Frameworks */,
				2C9094B42A6C69A500160DE8 /* KamaalLogger in Frameworks */,
			);
			runOnlyForDeploymentPostprocessing = 0;
		};
		2CB0272329FD58DF0000F5AD /* Frameworks */ = {
			isa = PBXFrameworksBuildPhase;
			buildActionMask = 2147483647;
			files = (
				2C3333E62A48C7BB00990E4E /* CloudSyncing in Frameworks */,
				2C6BAC1029FD605200009E19 /* AppLocales in Frameworks */,
				2CF434182AB5B87C004BB880 /* PhrasesV2 in Frameworks */,
				2C545C772A37AEDB00A672E0 /* Users in Frameworks */,
				2CDF2BF52A3B9A9B007CA8FC /* Navigation in Frameworks */,
				2C3333E92A48C85A00990E4E /* KamaalLogger in Frameworks */,
			);
			runOnlyForDeploymentPostprocessing = 0;
		};
		2CDCDD542A6ECAF600CF7757 /* Frameworks */ = {
			isa = PBXFrameworksBuildPhase;
			buildActionMask = 2147483647;
			files = (
				2CDCDD552A6ECAF600CF7757 /* CloudSyncing in Frameworks */,
				2CDCDD562A6ECAF600CF7757 /* AppLocales in Frameworks */,
				2CDCDD572A6ECAF600CF7757 /* Users in Frameworks */,
				2CF4341A2AB5B88C004BB880 /* PhrasesV2 in Frameworks */,
				2CDCDD582A6ECAF600CF7757 /* Navigation in Frameworks */,
				2CDCDD5A2A6ECAF600CF7757 /* KamaalLogger in Frameworks */,
			);
			runOnlyForDeploymentPostprocessing = 0;
		};
/* End PBXFrameworksBuildPhase section */

/* Begin PBXGroup section */
		2C08636A2A6C320300EE30DB /* Playground */ = {
			isa = PBXGroup;
			children = (
				2C0863712A6C320500EE30DB /* Playground.entitlements */,
				2C0863922A6C48E600EE30DB /* Info.plist */,
				2C08638B2A6C43F600EE30DB /* AppLogo.swift */,
				2C08636D2A6C320300EE30DB /* ContentView.swift */,
				2C08636B2A6C320300EE30DB /* PlaygroundApp.swift */,
				2C0863822A6C36DA00EE30DB /* Screens.swift */,
				2C9094BD2A6C6DCE00160DE8 /* Extensions */,
				2C0863722A6C320500EE30DB /* Preview Content */,
				2C9094B82A6C6A6A00160DE8 /* Resources */,
				2C9094B52A6C6A3700160DE8 /* Utilities */,
				2C08637C2A6C35F800EE30DB /* Views */,
			);
			path = Playground;
			sourceTree = "<group>";
		};
		2C0863722A6C320500EE30DB /* Preview Content */ = {
			isa = PBXGroup;
			children = (
				2C0863732A6C320500EE30DB /* Preview Assets.xcassets */,
			);
			path = "Preview Content";
			sourceTree = "<group>";
		};
		2C08637C2A6C35F800EE30DB /* Views */ = {
			isa = PBXGroup;
			children = (
				2C0863842A6C378000EE30DB /* Screens */,
				2C08637D2A6C35FE00EE30DB /* SupportingViews */,
			);
			path = Views;
			sourceTree = "<group>";
		};
		2C08637D2A6C35FE00EE30DB /* SupportingViews */ = {
			isa = PBXGroup;
			children = (
				2C0863872A6C3BD700EE30DB /* AppLogoColorFormRow.swift */,
				2C0863892A6C3C7800EE30DB /* AppLogoColorSelector.swift */,
				2C08637E2A6C360E00EE30DB /* PlaygroundNavigationButton.swift */,
				2C0863802A6C366800EE30DB /* WideNavigationLink.swift */,
			);
			path = SupportingViews;
			sourceTree = "<group>";
		};
		2C0863842A6C378000EE30DB /* Screens */ = {
			isa = PBXGroup;
			children = (
				2C0863852A6C379300EE30DB /* AppLogoCreatorScreen.swift */,
			);
			path = Screens;
			sourceTree = "<group>";
		};
		2C08638F2A6C48A200EE30DB /* Fonts */ = {
			isa = PBXGroup;
			children = (
				2C0863932A6C4CB200EE30DB /* KoreanCalligraphy.ttf */,
			);
			path = Fonts;
			sourceTree = "<group>";
		};
		2C6BABEA29FD59B200009E19 /* PocketSlate */ = {
			isa = PBXGroup;
			children = (
				2CDCDD642A6ECC4200CF7757 /* LexiGlottyIOS.entitlements */,
				2C6BABEB29FD59B200009E19 /* LexiGlottyMacOS.entitlements */,
				2CDCDD632A6ECB3C00CF7757 /* IOSInfo.plist */,
				2CD49BC32A24C6D70085DD83 /* MacOSInfo.plist */,
				2C2D7B042A4888E200330C8E /* AppDelegate_iOS.swift */,
				2C3333EA2A48C95C00990E4E /* AppDelegate_macOS.swift */,
				2C6BABF029FD59B200009E19 /* ContentView.swift */,
				2C6BABED29FD59B200009E19 /* PocketSlateApp.swift */,
				2C6BABEC29FD59B200009E19 /* Assets.xcassets */,
				2C6BABEE29FD59B200009E19 /* Preview Content */,
			);
			path = PocketSlate;
			sourceTree = "<group>";
		};
		2C6BABEE29FD59B200009E19 /* Preview Content */ = {
			isa = PBXGroup;
			children = (
				2C6BABEF29FD59B200009E19 /* Preview Assets.xcassets */,
			);
			path = "Preview Content";
			sourceTree = "<group>";
		};
		2C6BAC0429FD5D9C00009E19 /* Locales */ = {
			isa = PBXGroup;
			children = (
				2C6BAC0529FD5DB200009E19 /* en.js */,
			);
			path = Locales;
			sourceTree = "<group>";
		};
		2C6BAC0929FD5E3C00009E19 /* Scripts */ = {
			isa = PBXGroup;
			children = (
				2C3333E42A48C50F00990E4E /* .gitkeep */,
				2C6BAC0A29FD5E5C00009E19 /* generateLocales.js */,
			);
			path = Scripts;
			sourceTree = "<group>";
		};
		2C6BAC0C29FD5F7400009E19 /* Modules */ = {
			isa = PBXGroup;
			children = (
				2C6BAC0D29FD5F8E00009E19 /* AppLocales */,
				2CDF2BF82A3B9EAC007CA8FC /* AppUI */,
				2C831E612A364BDF0028BCD8 /* Features */,
				2C6BAC1C29FD665900009E19 /* Models */,
				2CDF2BF32A3B9A5C007CA8FC /* Navigation */,
				2C2F11092A632AD80027EAEE /* PocketSlateAPI */,
				2CBF68862A6B026400A593E1 /* PSShared */,
			);
			path = Modules;
			sourceTree = "<group>";
		};
		2C6BAC0E29FD605200009E19 /* Frameworks */ = {
			isa = PBXGroup;
			children = (
			);
			name = Frameworks;
			sourceTree = "<group>";
		};
		2C9094B52A6C6A3700160DE8 /* Utilities */ = {
			isa = PBXGroup;
			children = (
				2C9094C02A6C700E00160DE8 /* SavePanel.swift */,
				2C9094B62A6C6A4700160DE8 /* Shell.swift */,
			);
			path = Utilities;
			sourceTree = "<group>";
		};
		2C9094B82A6C6A6A00160DE8 /* Resources */ = {
			isa = PBXGroup;
			children = (
				2C9094BB2A6C6C6E00160DE8 /* app-icon-generator */,
				2C08636F2A6C320500EE30DB /* Assets.xcassets */,
				2C08638F2A6C48A200EE30DB /* Fonts */,
			);
			path = Resources;
			sourceTree = "<group>";
		};
		2C9094BD2A6C6DCE00160DE8 /* Extensions */ = {
			isa = PBXGroup;
			children = (
				2C9094BE2A6C6DDF00160DE8 /* FileManager+extensions.swift */,
			);
			path = Extensions;
			sourceTree = "<group>";
		};
		2CB0271D29FD58DF0000F5AD = {
			isa = PBXGroup;
			children = (
				2C93E7A42A6EDAC600476C41 /* Gemfile */,
				2C6BAC0729FD5E2600009E19 /* justfile */,
				2C831E5F2A3649F30028BCD8 /* LICENSE */,
				2C831E602A364A050028BCD8 /* package.json */,
				2C93E7A32A6EDAB700476C41 /* README.md */,
				2C6BAC0E29FD605200009E19 /* Frameworks */,
				2C6BAC0429FD5D9C00009E19 /* Locales */,
				2C6BAC0C29FD5F7400009E19 /* Modules */,
				2C08636A2A6C320300EE30DB /* Playground */,
				2C6BABEA29FD59B200009E19 /* PocketSlate */,
				2CB0272729FD58DF0000F5AD /* Products */,
				2C6BAC0929FD5E3C00009E19 /* Scripts */,
				2CD8784C2A3E19F800F21603 /* Tests */,
			);
			sourceTree = "<group>";
		};
		2CB0272729FD58DF0000F5AD /* Products */ = {
			isa = PBXGroup;
			children = (
				2CB0272629FD58DF0000F5AD /* LexiGlotty.app */,
				2C0863692A6C320300EE30DB /* Playground.app */,
				2CDCDD612A6ECAF600CF7757 /* LexiGlotty.app */,
			);
			name = Products;
			sourceTree = "<group>";
		};
		2CD8784C2A3E19F800F21603 /* Tests */ = {
			isa = PBXGroup;
			children = (
				2C46904D2A4851D3006A8730 /* LexiGlotty.xctestplan */,
			);
			path = Tests;
			sourceTree = "<group>";
		};
/* End PBXGroup section */

/* Begin PBXNativeTarget section */
		2C0863682A6C320300EE30DB /* Playground */ = {
			isa = PBXNativeTarget;
			buildConfigurationList = 2C0863772A6C320500EE30DB /* Build configuration list for PBXNativeTarget "Playground" */;
			buildPhases = (
				2C0863652A6C320300EE30DB /* Sources */,
				2C0863662A6C320300EE30DB /* Frameworks */,
				2C0863672A6C320300EE30DB /* Resources */,
			);
			buildRules = (
			);
			dependencies = (
			);
			name = Playground;
			packageProductDependencies = (
				2C0863782A6C343700EE30DB /* KamaalUI */,
				2C08637A2A6C35B500EE30DB /* AppUI */,
				2C08638D2A6C45B800EE30DB /* KamaalExtensions */,
				2C9094B32A6C69A500160DE8 /* KamaalLogger */,
			);
			productName = Playground;
			productReference = 2C0863692A6C320300EE30DB /* Playground.app */;
			productType = "com.apple.product-type.application";
		};
		2CB0272529FD58DF0000F5AD /* LexiGlotty-macOS */ = {
			isa = PBXNativeTarget;
			buildConfigurationList = 2CB0273529FD58E20000F5AD /* Build configuration list for PBXNativeTarget "LexiGlotty-macOS" */;
			buildPhases = (
				2CE62EF229FEBF140063BE1D /* Pre Compile */,
				2CB0272229FD58DF0000F5AD /* Sources */,
				2CB0272329FD58DF0000F5AD /* Frameworks */,
				2CB0272429FD58DF0000F5AD /* Resources */,
			);
			buildRules = (
			);
			dependencies = (
			);
			name = "LexiGlotty-macOS";
			packageProductDependencies = (
				2C6BAC0F29FD605200009E19 /* AppLocales */,
				2C545C762A37AEDB00A672E0 /* Users */,
				2CDF2BF42A3B9A9B007CA8FC /* Navigation */,
				2C3333E52A48C7BB00990E4E /* CloudSyncing */,
				2C3333E82A48C85A00990E4E /* KamaalLogger */,
				2CF434172AB5B87C004BB880 /* PhrasesV2 */,
			);
			productName = PocketSlate;
			productReference = 2CB0272629FD58DF0000F5AD /* LexiGlotty.app */;
			productType = "com.apple.product-type.application";
		};
		2CDCDD462A6ECAF600CF7757 /* LexiGlotty-iOS */ = {
			isa = PBXNativeTarget;
			buildConfigurationList = 2CDCDD5E2A6ECAF600CF7757 /* Build configuration list for PBXNativeTarget "LexiGlotty-iOS" */;
			buildPhases = (
				2CDCDD4E2A6ECAF600CF7757 /* Pre Compile */,
				2CDCDD4F2A6ECAF600CF7757 /* Sources */,
				2CDCDD542A6ECAF600CF7757 /* Frameworks */,
				2CDCDD5B2A6ECAF600CF7757 /* Resources */,
			);
			buildRules = (
			);
			dependencies = (
			);
			name = "LexiGlotty-iOS";
			packageProductDependencies = (
				2CDCDD472A6ECAF600CF7757 /* AppLocales */,
				2CDCDD492A6ECAF600CF7757 /* Users */,
				2CDCDD4A2A6ECAF600CF7757 /* Navigation */,
				2CDCDD4B2A6ECAF600CF7757 /* CloudSyncing */,
				2CDCDD4C2A6ECAF600CF7757 /* KamaalLogger */,
				2CF434192AB5B88C004BB880 /* PhrasesV2 */,
			);
			productName = PocketSlate;
			productReference = 2CDCDD612A6ECAF600CF7757 /* LexiGlotty.app */;
			productType = "com.apple.product-type.application";
		};
/* End PBXNativeTarget section */

/* Begin PBXProject section */
		2CB0271E29FD58DF0000F5AD /* Project object */ = {
			isa = PBXProject;
			attributes = {
				BuildIndependentTargetsInParallel = 1;
				LastSwiftUpdateCheck = 1500;
				LastUpgradeCheck = 1500;
				TargetAttributes = {
					2C0863682A6C320300EE30DB = {
						CreatedOnToolsVersion = 15.0;
					};
					2CB0272529FD58DF0000F5AD = {
						CreatedOnToolsVersion = 14.3;
					};
				};
			};
			buildConfigurationList = 2CB0272129FD58DF0000F5AD /* Build configuration list for PBXProject "PocketSlate" */;
			compatibilityVersion = "Xcode 14.0";
			developmentRegion = en;
			hasScannedForEncodings = 0;
			knownRegions = (
				en,
				Base,
			);
			mainGroup = 2CB0271D29FD58DF0000F5AD;
			packageReferences = (
				2C3333E72A48C85A00990E4E /* XCRemoteSwiftPackageReference "KamaalSwift" */,
			);
			productRefGroup = 2CB0272729FD58DF0000F5AD /* Products */;
			projectDirPath = "";
			projectRoot = "";
			targets = (
				2CDCDD462A6ECAF600CF7757 /* LexiGlotty-iOS */,
				2CB0272529FD58DF0000F5AD /* LexiGlotty-macOS */,
				2C0863682A6C320300EE30DB /* Playground */,
			);
		};
/* End PBXProject section */

/* Begin PBXResourcesBuildPhase section */
		2C0863672A6C320300EE30DB /* Resources */ = {
			isa = PBXResourcesBuildPhase;
			buildActionMask = 2147483647;
			files = (
				2C0863942A6C4CB200EE30DB /* KoreanCalligraphy.ttf in Resources */,
				2C9094BC2A6C6C6E00160DE8 /* app-icon-generator in Resources */,
				2C0863742A6C320500EE30DB /* Preview Assets.xcassets in Resources */,
				2C0863702A6C320500EE30DB /* Assets.xcassets in Resources */,
			);
			runOnlyForDeploymentPostprocessing = 0;
		};
		2CB0272429FD58DF0000F5AD /* Resources */ = {
			isa = PBXResourcesBuildPhase;
			buildActionMask = 2147483647;
			files = (
				2C6BABF329FD59B300009E19 /* Preview Assets.xcassets in Resources */,
				2C6BABF129FD59B300009E19 /* Assets.xcassets in Resources */,
			);
			runOnlyForDeploymentPostprocessing = 0;
		};
		2CDCDD5B2A6ECAF600CF7757 /* Resources */ = {
			isa = PBXResourcesBuildPhase;
			buildActionMask = 2147483647;
			files = (
				2CDCDD5C2A6ECAF600CF7757 /* Preview Assets.xcassets in Resources */,
				2CDCDD5D2A6ECAF600CF7757 /* Assets.xcassets in Resources */,
			);
			runOnlyForDeploymentPostprocessing = 0;
		};
/* End PBXResourcesBuildPhase section */

/* Begin PBXShellScriptBuildPhase section */
		2CDCDD4E2A6ECAF600CF7757 /* Pre Compile */ = {
			isa = PBXShellScriptBuildPhase;
			alwaysOutOfDate = 1;
			buildActionMask = 2147483647;
			files = (
			);
			inputFileListPaths = (
			);
			inputPaths = (
			);
			name = "Pre Compile";
			outputFileListPaths = (
			);
			outputPaths = (
			);
			runOnlyForDeploymentPostprocessing = 0;
			shellPath = /bin/sh;
			shellScript = " if which swiftlint >/dev/null; then\n     swiftlint lint --quiet $@ | sed 's/error: /warning: /g'\n else\n     echo \"warning: SwiftLint not installed, download from https://github.com/realm/SwiftLint\"\n fi\n";
		};
		2CE62EF229FEBF140063BE1D /* Pre Compile */ = {
			isa = PBXShellScriptBuildPhase;
			alwaysOutOfDate = 1;
			buildActionMask = 2147483647;
			files = (
			);
			inputFileListPaths = (
			);
			inputPaths = (
			);
			name = "Pre Compile";
			outputFileListPaths = (
			);
			outputPaths = (
			);
			runOnlyForDeploymentPostprocessing = 0;
			shellPath = /bin/sh;
			shellScript = " if which swiftlint >/dev/null; then\n     swiftlint lint --quiet $@ | sed 's/error: /warning: /g'\n else\n     echo \"warning: SwiftLint not installed, download from https://github.com/realm/SwiftLint\"\n fi\n";
		};
/* End PBXShellScriptBuildPhase section */

/* Begin PBXSourcesBuildPhase section */
		2C0863652A6C320300EE30DB /* Sources */ = {
			isa = PBXSourcesBuildPhase;
			buildActionMask = 2147483647;
			files = (
				2C08636E2A6C320300EE30DB /* ContentView.swift in Sources */,
				2C9094C12A6C700E00160DE8 /* SavePanel.swift in Sources */,
				2C0863862A6C379300EE30DB /* AppLogoCreatorScreen.swift in Sources */,
				2C9094B72A6C6A4700160DE8 /* Shell.swift in Sources */,
				2C0863832A6C36DA00EE30DB /* Screens.swift in Sources */,
				2C9094BF2A6C6DDF00160DE8 /* FileManager+extensions.swift in Sources */,
				2C08636C2A6C320300EE30DB /* PlaygroundApp.swift in Sources */,
				2C0863882A6C3BD700EE30DB /* AppLogoColorFormRow.swift in Sources */,
				2C0863812A6C366800EE30DB /* WideNavigationLink.swift in Sources */,
				2C08637F2A6C360E00EE30DB /* PlaygroundNavigationButton.swift in Sources */,
				2C08638A2A6C3C7800EE30DB /* AppLogoColorSelector.swift in Sources */,
				2C08638C2A6C43F600EE30DB /* AppLogo.swift in Sources */,
			);
			runOnlyForDeploymentPostprocessing = 0;
		};
		2CB0272229FD58DF0000F5AD /* Sources */ = {
			isa = PBXSourcesBuildPhase;
			buildActionMask = 2147483647;
			files = (
				2C3333EB2A48C95C00990E4E /* AppDelegate_macOS.swift in Sources */,
				2C2D7B052A4888E200330C8E /* AppDelegate_iOS.swift in Sources */,
				2C6BABF229FD59B300009E19 /* PocketSlateApp.swift in Sources */,
				2C6BABF429FD59B300009E19 /* ContentView.swift in Sources */,
			);
			runOnlyForDeploymentPostprocessing = 0;
		};
		2CDCDD4F2A6ECAF600CF7757 /* Sources */ = {
			isa = PBXSourcesBuildPhase;
			buildActionMask = 2147483647;
			files = (
				2CDCDD502A6ECAF600CF7757 /* AppDelegate_macOS.swift in Sources */,
				2CDCDD512A6ECAF600CF7757 /* AppDelegate_iOS.swift in Sources */,
				2CDCDD522A6ECAF600CF7757 /* PocketSlateApp.swift in Sources */,
				2CDCDD532A6ECAF600CF7757 /* ContentView.swift in Sources */,
			);
			runOnlyForDeploymentPostprocessing = 0;
		};
/* End PBXSourcesBuildPhase section */

/* Begin XCBuildConfiguration section */
		2C0863752A6C320500EE30DB /* Debug */ = {
			isa = XCBuildConfiguration;
			buildSettings = {
				ASSETCATALOG_COMPILER_APPICON_NAME = AppIcon;
				ASSETCATALOG_COMPILER_GENERATE_SWIFT_ASSET_SYMBOL_EXTENSIONS = YES;
				ASSETCATALOG_COMPILER_GLOBAL_ACCENT_COLOR_NAME = AccentColor;
				CODE_SIGN_ENTITLEMENTS = Playground/Playground.entitlements;
				CODE_SIGN_STYLE = Automatic;
				CURRENT_PROJECT_VERSION = 37;
				DEVELOPMENT_ASSET_PATHS = "\"Playground/Preview Content\"";
				DEVELOPMENT_TEAM = DXUKH9VF73;
				ENABLE_HARDENED_RUNTIME = YES;
				ENABLE_PREVIEWS = YES;
				GCC_C_LANGUAGE_STANDARD = gnu17;
				GENERATE_INFOPLIST_FILE = YES;
				INFOPLIST_FILE = Playground/Info.plist;
				"INFOPLIST_KEY_UIApplicationSceneManifest_Generation[sdk=iphoneos*]" = YES;
				"INFOPLIST_KEY_UIApplicationSceneManifest_Generation[sdk=iphonesimulator*]" = YES;
				"INFOPLIST_KEY_UIApplicationSupportsIndirectInputEvents[sdk=iphoneos*]" = YES;
				"INFOPLIST_KEY_UIApplicationSupportsIndirectInputEvents[sdk=iphonesimulator*]" = YES;
				"INFOPLIST_KEY_UILaunchScreen_Generation[sdk=iphoneos*]" = YES;
				"INFOPLIST_KEY_UILaunchScreen_Generation[sdk=iphonesimulator*]" = YES;
				"INFOPLIST_KEY_UIStatusBarStyle[sdk=iphoneos*]" = UIStatusBarStyleDefault;
				"INFOPLIST_KEY_UIStatusBarStyle[sdk=iphonesimulator*]" = UIStatusBarStyleDefault;
				INFOPLIST_KEY_UISupportedInterfaceOrientations_iPad = "UIInterfaceOrientationPortrait UIInterfaceOrientationPortraitUpsideDown UIInterfaceOrientationLandscapeLeft UIInterfaceOrientationLandscapeRight";
				INFOPLIST_KEY_UISupportedInterfaceOrientations_iPhone = "UIInterfaceOrientationPortrait UIInterfaceOrientationLandscapeLeft UIInterfaceOrientationLandscapeRight";
				IPHONEOS_DEPLOYMENT_TARGET = 17.0;
				LD_RUNPATH_SEARCH_PATHS = "@executable_path/Frameworks";
				"LD_RUNPATH_SEARCH_PATHS[sdk=macosx*]" = "@executable_path/../Frameworks";
				LOCALIZATION_PREFERS_STRING_CATALOGS = YES;
				MACOSX_DEPLOYMENT_TARGET = 14.0;
				MARKETING_VERSION = 1.0;
				PRODUCT_BUNDLE_IDENTIFIER = io.kamaal.Playground;
				PRODUCT_NAME = "$(TARGET_NAME)";
				SDKROOT = auto;
				SUPPORTED_PLATFORMS = "iphoneos iphonesimulator macosx";
				SWIFT_ACTIVE_COMPILATION_CONDITIONS = "DEBUG $(inherited)";
				SWIFT_EMIT_LOC_STRINGS = YES;
				SWIFT_VERSION = 5.0;
				TARGETED_DEVICE_FAMILY = "1,2";
			};
			name = Debug;
		};
		2C0863762A6C320500EE30DB /* Release */ = {
			isa = XCBuildConfiguration;
			buildSettings = {
				ASSETCATALOG_COMPILER_APPICON_NAME = AppIcon;
				ASSETCATALOG_COMPILER_GENERATE_SWIFT_ASSET_SYMBOL_EXTENSIONS = YES;
				ASSETCATALOG_COMPILER_GLOBAL_ACCENT_COLOR_NAME = AccentColor;
				CODE_SIGN_ENTITLEMENTS = Playground/Playground.entitlements;
				CODE_SIGN_STYLE = Automatic;
				CURRENT_PROJECT_VERSION = 37;
				DEVELOPMENT_ASSET_PATHS = "\"Playground/Preview Content\"";
				DEVELOPMENT_TEAM = DXUKH9VF73;
				ENABLE_HARDENED_RUNTIME = YES;
				ENABLE_PREVIEWS = YES;
				GCC_C_LANGUAGE_STANDARD = gnu17;
				GENERATE_INFOPLIST_FILE = YES;
				INFOPLIST_FILE = Playground/Info.plist;
				"INFOPLIST_KEY_UIApplicationSceneManifest_Generation[sdk=iphoneos*]" = YES;
				"INFOPLIST_KEY_UIApplicationSceneManifest_Generation[sdk=iphonesimulator*]" = YES;
				"INFOPLIST_KEY_UIApplicationSupportsIndirectInputEvents[sdk=iphoneos*]" = YES;
				"INFOPLIST_KEY_UIApplicationSupportsIndirectInputEvents[sdk=iphonesimulator*]" = YES;
				"INFOPLIST_KEY_UILaunchScreen_Generation[sdk=iphoneos*]" = YES;
				"INFOPLIST_KEY_UILaunchScreen_Generation[sdk=iphonesimulator*]" = YES;
				"INFOPLIST_KEY_UIStatusBarStyle[sdk=iphoneos*]" = UIStatusBarStyleDefault;
				"INFOPLIST_KEY_UIStatusBarStyle[sdk=iphonesimulator*]" = UIStatusBarStyleDefault;
				INFOPLIST_KEY_UISupportedInterfaceOrientations_iPad = "UIInterfaceOrientationPortrait UIInterfaceOrientationPortraitUpsideDown UIInterfaceOrientationLandscapeLeft UIInterfaceOrientationLandscapeRight";
				INFOPLIST_KEY_UISupportedInterfaceOrientations_iPhone = "UIInterfaceOrientationPortrait UIInterfaceOrientationLandscapeLeft UIInterfaceOrientationLandscapeRight";
				IPHONEOS_DEPLOYMENT_TARGET = 17.0;
				LD_RUNPATH_SEARCH_PATHS = "@executable_path/Frameworks";
				"LD_RUNPATH_SEARCH_PATHS[sdk=macosx*]" = "@executable_path/../Frameworks";
				LOCALIZATION_PREFERS_STRING_CATALOGS = YES;
				MACOSX_DEPLOYMENT_TARGET = 14.0;
				MARKETING_VERSION = 1.0;
				PRODUCT_BUNDLE_IDENTIFIER = io.kamaal.Playground;
				PRODUCT_NAME = "$(TARGET_NAME)";
				SDKROOT = auto;
				SUPPORTED_PLATFORMS = "iphoneos iphonesimulator macosx";
				SWIFT_EMIT_LOC_STRINGS = YES;
				SWIFT_VERSION = 5.0;
				TARGETED_DEVICE_FAMILY = "1,2";
			};
			name = Release;
		};
		2CB0273329FD58E20000F5AD /* Debug */ = {
			isa = XCBuildConfiguration;
			buildSettings = {
				ALWAYS_SEARCH_USER_PATHS = NO;
				CLANG_ANALYZER_NONNULL = YES;
				CLANG_ANALYZER_NUMBER_OBJECT_CONVERSION = YES_AGGRESSIVE;
				CLANG_CXX_LANGUAGE_STANDARD = "gnu++20";
				CLANG_ENABLE_MODULES = YES;
				CLANG_ENABLE_OBJC_ARC = YES;
				CLANG_ENABLE_OBJC_WEAK = YES;
				CLANG_WARN_BLOCK_CAPTURE_AUTORELEASING = YES;
				CLANG_WARN_BOOL_CONVERSION = YES;
				CLANG_WARN_COMMA = YES;
				CLANG_WARN_CONSTANT_CONVERSION = YES;
				CLANG_WARN_DEPRECATED_OBJC_IMPLEMENTATIONS = YES;
				CLANG_WARN_DIRECT_OBJC_ISA_USAGE = YES_ERROR;
				CLANG_WARN_DOCUMENTATION_COMMENTS = YES;
				CLANG_WARN_EMPTY_BODY = YES;
				CLANG_WARN_ENUM_CONVERSION = YES;
				CLANG_WARN_INFINITE_RECURSION = YES;
				CLANG_WARN_INT_CONVERSION = YES;
				CLANG_WARN_NON_LITERAL_NULL_CONVERSION = YES;
				CLANG_WARN_OBJC_IMPLICIT_RETAIN_SELF = YES;
				CLANG_WARN_OBJC_LITERAL_CONVERSION = YES;
				CLANG_WARN_OBJC_ROOT_CLASS = YES_ERROR;
				CLANG_WARN_QUOTED_INCLUDE_IN_FRAMEWORK_HEADER = YES;
				CLANG_WARN_RANGE_LOOP_ANALYSIS = YES;
				CLANG_WARN_STRICT_PROTOTYPES = YES;
				CLANG_WARN_SUSPICIOUS_MOVE = YES;
				CLANG_WARN_UNGUARDED_AVAILABILITY = YES_AGGRESSIVE;
				CLANG_WARN_UNREACHABLE_CODE = YES;
				CLANG_WARN__DUPLICATE_METHOD_MATCH = YES;
				COPY_PHASE_STRIP = NO;
				DEAD_CODE_STRIPPING = YES;
				DEBUG_INFORMATION_FORMAT = dwarf;
				ENABLE_STRICT_OBJC_MSGSEND = YES;
				ENABLE_TESTABILITY = YES;
				ENABLE_USER_SCRIPT_SANDBOXING = YES;
				GCC_C_LANGUAGE_STANDARD = gnu11;
				GCC_DYNAMIC_NO_PIC = NO;
				GCC_NO_COMMON_BLOCKS = YES;
				GCC_OPTIMIZATION_LEVEL = 0;
				GCC_PREPROCESSOR_DEFINITIONS = (
					"DEBUG=1",
					"$(inherited)",
				);
				GCC_WARN_64_TO_32_BIT_CONVERSION = YES;
				GCC_WARN_ABOUT_RETURN_TYPE = YES_ERROR;
				GCC_WARN_UNDECLARED_SELECTOR = YES;
				GCC_WARN_UNINITIALIZED_AUTOS = YES_AGGRESSIVE;
				GCC_WARN_UNUSED_FUNCTION = YES;
				GCC_WARN_UNUSED_VARIABLE = YES;
				IPHONEOS_DEPLOYMENT_TARGET = 15.0;
				MACOSX_DEPLOYMENT_TARGET = 12.0;
				MTL_ENABLE_DEBUG_INFO = INCLUDE_SOURCE;
				MTL_FAST_MATH = YES;
				ONLY_ACTIVE_ARCH = YES;
				SWIFT_ACTIVE_COMPILATION_CONDITIONS = DEBUG;
				SWIFT_OPTIMIZATION_LEVEL = "-Onone";
			};
			name = Debug;
		};
		2CB0273429FD58E20000F5AD /* Release */ = {
			isa = XCBuildConfiguration;
			buildSettings = {
				ALWAYS_SEARCH_USER_PATHS = NO;
				CLANG_ANALYZER_NONNULL = YES;
				CLANG_ANALYZER_NUMBER_OBJECT_CONVERSION = YES_AGGRESSIVE;
				CLANG_CXX_LANGUAGE_STANDARD = "gnu++20";
				CLANG_ENABLE_MODULES = YES;
				CLANG_ENABLE_OBJC_ARC = YES;
				CLANG_ENABLE_OBJC_WEAK = YES;
				CLANG_WARN_BLOCK_CAPTURE_AUTORELEASING = YES;
				CLANG_WARN_BOOL_CONVERSION = YES;
				CLANG_WARN_COMMA = YES;
				CLANG_WARN_CONSTANT_CONVERSION = YES;
				CLANG_WARN_DEPRECATED_OBJC_IMPLEMENTATIONS = YES;
				CLANG_WARN_DIRECT_OBJC_ISA_USAGE = YES_ERROR;
				CLANG_WARN_DOCUMENTATION_COMMENTS = YES;
				CLANG_WARN_EMPTY_BODY = YES;
				CLANG_WARN_ENUM_CONVERSION = YES;
				CLANG_WARN_INFINITE_RECURSION = YES;
				CLANG_WARN_INT_CONVERSION = YES;
				CLANG_WARN_NON_LITERAL_NULL_CONVERSION = YES;
				CLANG_WARN_OBJC_IMPLICIT_RETAIN_SELF = YES;
				CLANG_WARN_OBJC_LITERAL_CONVERSION = YES;
				CLANG_WARN_OBJC_ROOT_CLASS = YES_ERROR;
				CLANG_WARN_QUOTED_INCLUDE_IN_FRAMEWORK_HEADER = YES;
				CLANG_WARN_RANGE_LOOP_ANALYSIS = YES;
				CLANG_WARN_STRICT_PROTOTYPES = YES;
				CLANG_WARN_SUSPICIOUS_MOVE = YES;
				CLANG_WARN_UNGUARDED_AVAILABILITY = YES_AGGRESSIVE;
				CLANG_WARN_UNREACHABLE_CODE = YES;
				CLANG_WARN__DUPLICATE_METHOD_MATCH = YES;
				COPY_PHASE_STRIP = NO;
				DEAD_CODE_STRIPPING = YES;
				DEBUG_INFORMATION_FORMAT = "dwarf-with-dsym";
				ENABLE_NS_ASSERTIONS = NO;
				ENABLE_STRICT_OBJC_MSGSEND = YES;
				ENABLE_USER_SCRIPT_SANDBOXING = YES;
				GCC_C_LANGUAGE_STANDARD = gnu11;
				GCC_NO_COMMON_BLOCKS = YES;
				GCC_WARN_64_TO_32_BIT_CONVERSION = YES;
				GCC_WARN_ABOUT_RETURN_TYPE = YES_ERROR;
				GCC_WARN_UNDECLARED_SELECTOR = YES;
				GCC_WARN_UNINITIALIZED_AUTOS = YES_AGGRESSIVE;
				GCC_WARN_UNUSED_FUNCTION = YES;
				GCC_WARN_UNUSED_VARIABLE = YES;
				IPHONEOS_DEPLOYMENT_TARGET = 15.0;
				MACOSX_DEPLOYMENT_TARGET = 12.0;
				MTL_ENABLE_DEBUG_INFO = NO;
				MTL_FAST_MATH = YES;
				SWIFT_COMPILATION_MODE = wholemodule;
				SWIFT_OPTIMIZATION_LEVEL = "-O";
			};
			name = Release;
		};
		2CB0273629FD58E20000F5AD /* Debug */ = {
			isa = XCBuildConfiguration;
			buildSettings = {
				ASSETCATALOG_COMPILER_APPICON_NAME = AppIconMacOS;
				ASSETCATALOG_COMPILER_GLOBAL_ACCENT_COLOR_NAME = AccentColor;
				CODE_SIGN_ENTITLEMENTS = PocketSlate/LexiGlottyMacOS.entitlements;
				CODE_SIGN_STYLE = Automatic;
				CURRENT_PROJECT_VERSION = 37;
				DEAD_CODE_STRIPPING = YES;
				DEVELOPMENT_ASSET_PATHS = "\"PocketSlate/Preview Content\"";
				DEVELOPMENT_TEAM = DXUKH9VF73;
				ENABLE_HARDENED_RUNTIME = YES;
				ENABLE_PREVIEWS = YES;
				GENERATE_INFOPLIST_FILE = YES;
				INFOPLIST_FILE = PocketSlate/MacOSInfo.plist;
				INFOPLIST_KEY_CFBundleDisplayName = LexiGlotty;
				INFOPLIST_KEY_LSApplicationCategoryType = "public.app-category.travel";
				"INFOPLIST_KEY_UIApplicationSceneManifest_Generation[sdk=iphoneos*]" = YES;
				"INFOPLIST_KEY_UIApplicationSceneManifest_Generation[sdk=iphonesimulator*]" = YES;
				"INFOPLIST_KEY_UIApplicationSupportsIndirectInputEvents[sdk=iphoneos*]" = YES;
				"INFOPLIST_KEY_UIApplicationSupportsIndirectInputEvents[sdk=iphonesimulator*]" = YES;
				"INFOPLIST_KEY_UILaunchScreen_Generation[sdk=iphoneos*]" = YES;
				"INFOPLIST_KEY_UILaunchScreen_Generation[sdk=iphonesimulator*]" = YES;
				"INFOPLIST_KEY_UIStatusBarStyle[sdk=iphoneos*]" = UIStatusBarStyleDefault;
				"INFOPLIST_KEY_UIStatusBarStyle[sdk=iphonesimulator*]" = UIStatusBarStyleDefault;
				INFOPLIST_KEY_UISupportedInterfaceOrientations_iPad = "UIInterfaceOrientationPortrait UIInterfaceOrientationPortraitUpsideDown UIInterfaceOrientationLandscapeLeft UIInterfaceOrientationLandscapeRight";
				INFOPLIST_KEY_UISupportedInterfaceOrientations_iPhone = "UIInterfaceOrientationPortrait UIInterfaceOrientationLandscapeLeft UIInterfaceOrientationLandscapeRight";
				IPHONEOS_DEPLOYMENT_TARGET = 15.0;
				LD_RUNPATH_SEARCH_PATHS = "@executable_path/Frameworks";
				"LD_RUNPATH_SEARCH_PATHS[sdk=macosx*]" = "@executable_path/../Frameworks";
				MACOSX_DEPLOYMENT_TARGET = 14.0;
				MARKETING_VERSION = 1.0;
				PRODUCT_BUNDLE_IDENTIFIER = io.kamaal.PocketSlate;
				PRODUCT_NAME = LexiGlotty;
				SDKROOT = auto;
				SUPPORTED_PLATFORMS = macosx;
				SUPPORTS_MACCATALYST = NO;
				SWIFT_EMIT_LOC_STRINGS = YES;
				SWIFT_VERSION = 5.0;
			};
			name = Debug;
		};
		2CB0273729FD58E20000F5AD /* Release */ = {
			isa = XCBuildConfiguration;
			buildSettings = {
				ASSETCATALOG_COMPILER_APPICON_NAME = AppIconMacOS;
				ASSETCATALOG_COMPILER_GLOBAL_ACCENT_COLOR_NAME = AccentColor;
				CODE_SIGN_ENTITLEMENTS = PocketSlate/LexiGlottyMacOS.entitlements;
				CODE_SIGN_IDENTITY = "Apple Development";
				CODE_SIGN_STYLE = Automatic;
				CURRENT_PROJECT_VERSION = 37;
				DEAD_CODE_STRIPPING = YES;
				DEVELOPMENT_ASSET_PATHS = "\"PocketSlate/Preview Content\"";
				DEVELOPMENT_TEAM = DXUKH9VF73;
				ENABLE_HARDENED_RUNTIME = YES;
				ENABLE_PREVIEWS = YES;
				GENERATE_INFOPLIST_FILE = YES;
				INFOPLIST_FILE = PocketSlate/MacOSInfo.plist;
				INFOPLIST_KEY_CFBundleDisplayName = LexiGlotty;
				INFOPLIST_KEY_LSApplicationCategoryType = "public.app-category.travel";
				"INFOPLIST_KEY_UIApplicationSceneManifest_Generation[sdk=iphoneos*]" = YES;
				"INFOPLIST_KEY_UIApplicationSceneManifest_Generation[sdk=iphonesimulator*]" = YES;
				"INFOPLIST_KEY_UIApplicationSupportsIndirectInputEvents[sdk=iphoneos*]" = YES;
				"INFOPLIST_KEY_UIApplicationSupportsIndirectInputEvents[sdk=iphonesimulator*]" = YES;
				"INFOPLIST_KEY_UILaunchScreen_Generation[sdk=iphoneos*]" = YES;
				"INFOPLIST_KEY_UILaunchScreen_Generation[sdk=iphonesimulator*]" = YES;
				"INFOPLIST_KEY_UIStatusBarStyle[sdk=iphoneos*]" = UIStatusBarStyleDefault;
				"INFOPLIST_KEY_UIStatusBarStyle[sdk=iphonesimulator*]" = UIStatusBarStyleDefault;
				INFOPLIST_KEY_UISupportedInterfaceOrientations_iPad = "UIInterfaceOrientationPortrait UIInterfaceOrientationPortraitUpsideDown UIInterfaceOrientationLandscapeLeft UIInterfaceOrientationLandscapeRight";
				INFOPLIST_KEY_UISupportedInterfaceOrientations_iPhone = "UIInterfaceOrientationPortrait UIInterfaceOrientationLandscapeLeft UIInterfaceOrientationLandscapeRight";
				IPHONEOS_DEPLOYMENT_TARGET = 15.0;
				LD_RUNPATH_SEARCH_PATHS = "@executable_path/Frameworks";
				"LD_RUNPATH_SEARCH_PATHS[sdk=macosx*]" = "@executable_path/../Frameworks";
				MACOSX_DEPLOYMENT_TARGET = 14.0;
				MARKETING_VERSION = 1.0;
				PRODUCT_BUNDLE_IDENTIFIER = io.kamaal.PocketSlate;
				PRODUCT_NAME = LexiGlotty;
				PROVISIONING_PROFILE_SPECIFIER = "";
				SDKROOT = auto;
				SUPPORTED_PLATFORMS = macosx;
				SUPPORTS_MACCATALYST = NO;
				SWIFT_EMIT_LOC_STRINGS = YES;
				SWIFT_VERSION = 5.0;
			};
			name = Release;
		};
		2CDCDD5F2A6ECAF600CF7757 /* Debug */ = {
			isa = XCBuildConfiguration;
			buildSettings = {
				ASSETCATALOG_COMPILER_APPICON_NAME = AppIconIOS;
				ASSETCATALOG_COMPILER_GLOBAL_ACCENT_COLOR_NAME = AccentColor;
				CODE_SIGN_ENTITLEMENTS = PocketSlate/LexiGlottyIOS.entitlements;
				CODE_SIGN_STYLE = Automatic;
				CURRENT_PROJECT_VERSION = 37;
				DEAD_CODE_STRIPPING = YES;
				DEVELOPMENT_ASSET_PATHS = "\"PocketSlate/Preview Content\"";
				DEVELOPMENT_TEAM = DXUKH9VF73;
				ENABLE_HARDENED_RUNTIME = YES;
				ENABLE_PREVIEWS = YES;
				GENERATE_INFOPLIST_FILE = YES;
				INFOPLIST_FILE = PocketSlate/IOSInfo.plist;
				INFOPLIST_KEY_CFBundleDisplayName = LexiGlotty;
				INFOPLIST_KEY_LSApplicationCategoryType = "public.app-category.travel";
				"INFOPLIST_KEY_UIApplicationSceneManifest_Generation[sdk=iphoneos*]" = YES;
				"INFOPLIST_KEY_UIApplicationSceneManifest_Generation[sdk=iphonesimulator*]" = YES;
				"INFOPLIST_KEY_UIApplicationSupportsIndirectInputEvents[sdk=iphoneos*]" = YES;
				"INFOPLIST_KEY_UIApplicationSupportsIndirectInputEvents[sdk=iphonesimulator*]" = YES;
				"INFOPLIST_KEY_UILaunchScreen_Generation[sdk=iphoneos*]" = YES;
				"INFOPLIST_KEY_UILaunchScreen_Generation[sdk=iphonesimulator*]" = YES;
				"INFOPLIST_KEY_UIStatusBarStyle[sdk=iphoneos*]" = UIStatusBarStyleDefault;
				"INFOPLIST_KEY_UIStatusBarStyle[sdk=iphonesimulator*]" = UIStatusBarStyleDefault;
				INFOPLIST_KEY_UISupportedInterfaceOrientations_iPad = "UIInterfaceOrientationPortrait UIInterfaceOrientationPortraitUpsideDown UIInterfaceOrientationLandscapeLeft UIInterfaceOrientationLandscapeRight";
				INFOPLIST_KEY_UISupportedInterfaceOrientations_iPhone = "UIInterfaceOrientationPortrait UIInterfaceOrientationLandscapeLeft UIInterfaceOrientationLandscapeRight";
				IPHONEOS_DEPLOYMENT_TARGET = 17.0;
				LD_RUNPATH_SEARCH_PATHS = "@executable_path/Frameworks";
				"LD_RUNPATH_SEARCH_PATHS[sdk=macosx*]" = "@executable_path/../Frameworks";
				MACOSX_DEPLOYMENT_TARGET = 12.0;
				MARKETING_VERSION = 1.0;
				PRODUCT_BUNDLE_IDENTIFIER = io.kamaal.PocketSlate;
				PRODUCT_NAME = LexiGlotty;
				SDKROOT = auto;
				SUPPORTED_PLATFORMS = "iphoneos iphonesimulator";
				SUPPORTS_MACCATALYST = NO;
				SUPPORTS_MAC_DESIGNED_FOR_IPHONE_IPAD = NO;
				SWIFT_EMIT_LOC_STRINGS = YES;
				SWIFT_VERSION = 5.0;
				TARGETED_DEVICE_FAMILY = "1,2";
			};
			name = Debug;
		};
		2CDCDD602A6ECAF600CF7757 /* Release */ = {
			isa = XCBuildConfiguration;
			buildSettings = {
				ASSETCATALOG_COMPILER_APPICON_NAME = AppIconIOS;
				ASSETCATALOG_COMPILER_GLOBAL_ACCENT_COLOR_NAME = AccentColor;
				CODE_SIGN_ENTITLEMENTS = PocketSlate/LexiGlottyIOS.entitlements;
				CODE_SIGN_IDENTITY = "Apple Development";
				CODE_SIGN_STYLE = Automatic;
				CURRENT_PROJECT_VERSION = 37;
				DEAD_CODE_STRIPPING = YES;
				DEVELOPMENT_ASSET_PATHS = "\"PocketSlate/Preview Content\"";
				DEVELOPMENT_TEAM = DXUKH9VF73;
				ENABLE_HARDENED_RUNTIME = YES;
				ENABLE_PREVIEWS = YES;
				GENERATE_INFOPLIST_FILE = YES;
				INFOPLIST_FILE = PocketSlate/IOSInfo.plist;
				INFOPLIST_KEY_CFBundleDisplayName = LexiGlotty;
				INFOPLIST_KEY_LSApplicationCategoryType = "public.app-category.travel";
				"INFOPLIST_KEY_UIApplicationSceneManifest_Generation[sdk=iphoneos*]" = YES;
				"INFOPLIST_KEY_UIApplicationSceneManifest_Generation[sdk=iphonesimulator*]" = YES;
				"INFOPLIST_KEY_UIApplicationSupportsIndirectInputEvents[sdk=iphoneos*]" = YES;
				"INFOPLIST_KEY_UIApplicationSupportsIndirectInputEvents[sdk=iphonesimulator*]" = YES;
				"INFOPLIST_KEY_UILaunchScreen_Generation[sdk=iphoneos*]" = YES;
				"INFOPLIST_KEY_UILaunchScreen_Generation[sdk=iphonesimulator*]" = YES;
				"INFOPLIST_KEY_UIStatusBarStyle[sdk=iphoneos*]" = UIStatusBarStyleDefault;
				"INFOPLIST_KEY_UIStatusBarStyle[sdk=iphonesimulator*]" = UIStatusBarStyleDefault;
				INFOPLIST_KEY_UISupportedInterfaceOrientations_iPad = "UIInterfaceOrientationPortrait UIInterfaceOrientationPortraitUpsideDown UIInterfaceOrientationLandscapeLeft UIInterfaceOrientationLandscapeRight";
				INFOPLIST_KEY_UISupportedInterfaceOrientations_iPhone = "UIInterfaceOrientationPortrait UIInterfaceOrientationLandscapeLeft UIInterfaceOrientationLandscapeRight";
				IPHONEOS_DEPLOYMENT_TARGET = 17.0;
				LD_RUNPATH_SEARCH_PATHS = "@executable_path/Frameworks";
				"LD_RUNPATH_SEARCH_PATHS[sdk=macosx*]" = "@executable_path/../Frameworks";
				MACOSX_DEPLOYMENT_TARGET = 12.0;
				MARKETING_VERSION = 1.0;
				PRODUCT_BUNDLE_IDENTIFIER = io.kamaal.PocketSlate;
				PRODUCT_NAME = LexiGlotty;
				PROVISIONING_PROFILE_SPECIFIER = "";
				SDKROOT = auto;
				SUPPORTED_PLATFORMS = "iphoneos iphonesimulator";
				SUPPORTS_MACCATALYST = NO;
				SUPPORTS_MAC_DESIGNED_FOR_IPHONE_IPAD = NO;
				SWIFT_EMIT_LOC_STRINGS = YES;
				SWIFT_VERSION = 5.0;
				TARGETED_DEVICE_FAMILY = "1,2";
			};
			name = Release;
		};
/* End XCBuildConfiguration section */

/* Begin XCConfigurationList section */
		2C0863772A6C320500EE30DB /* Build configuration list for PBXNativeTarget "Playground" */ = {
			isa = XCConfigurationList;
			buildConfigurations = (
				2C0863752A6C320500EE30DB /* Debug */,
				2C0863762A6C320500EE30DB /* Release */,
			);
			defaultConfigurationIsVisible = 0;
			defaultConfigurationName = Release;
		};
		2CB0272129FD58DF0000F5AD /* Build configuration list for PBXProject "PocketSlate" */ = {
			isa = XCConfigurationList;
			buildConfigurations = (
				2CB0273329FD58E20000F5AD /* Debug */,
				2CB0273429FD58E20000F5AD /* Release */,
			);
			defaultConfigurationIsVisible = 0;
			defaultConfigurationName = Release;
		};
		2CB0273529FD58E20000F5AD /* Build configuration list for PBXNativeTarget "LexiGlotty-macOS" */ = {
			isa = XCConfigurationList;
			buildConfigurations = (
				2CB0273629FD58E20000F5AD /* Debug */,
				2CB0273729FD58E20000F5AD /* Release */,
			);
			defaultConfigurationIsVisible = 0;
			defaultConfigurationName = Release;
		};
		2CDCDD5E2A6ECAF600CF7757 /* Build configuration list for PBXNativeTarget "LexiGlotty-iOS" */ = {
			isa = XCConfigurationList;
			buildConfigurations = (
				2CDCDD5F2A6ECAF600CF7757 /* Debug */,
				2CDCDD602A6ECAF600CF7757 /* Release */,
			);
			defaultConfigurationIsVisible = 0;
			defaultConfigurationName = Release;
		};
/* End XCConfigurationList section */

/* Begin XCRemoteSwiftPackageReference section */
		2C3333E72A48C85A00990E4E /* XCRemoteSwiftPackageReference "KamaalSwift" */ = {
			isa = XCRemoteSwiftPackageReference;
			repositoryURL = "https://github.com/Kamaalio/KamaalSwift.git";
			requirement = {
				kind = upToNextMajorVersion;
				minimumVersion = 1.2.0;
			};
		};
		2CDCDD4D2A6ECAF600CF7757 /* XCRemoteSwiftPackageReference "KamaalSwift" */ = {
			isa = XCRemoteSwiftPackageReference;
			repositoryURL = "https://github.com/Kamaalio/KamaalSwift.git";
			requirement = {
				kind = upToNextMinorVersion;
				minimumVersion = 0.9.2;
			};
		};
/* End XCRemoteSwiftPackageReference section */

/* Begin XCSwiftPackageProductDependency section */
		2C0863782A6C343700EE30DB /* KamaalUI */ = {
			isa = XCSwiftPackageProductDependency;
			package = 2C3333E72A48C85A00990E4E /* XCRemoteSwiftPackageReference "KamaalSwift" */;
			productName = KamaalUI;
		};
		2C08637A2A6C35B500EE30DB /* AppUI */ = {
			isa = XCSwiftPackageProductDependency;
			productName = AppUI;
		};
		2C08638D2A6C45B800EE30DB /* KamaalExtensions */ = {
			isa = XCSwiftPackageProductDependency;
			package = 2C3333E72A48C85A00990E4E /* XCRemoteSwiftPackageReference "KamaalSwift" */;
			productName = KamaalExtensions;
		};
		2C3333E52A48C7BB00990E4E /* CloudSyncing */ = {
			isa = XCSwiftPackageProductDependency;
			productName = CloudSyncing;
		};
		2C3333E82A48C85A00990E4E /* KamaalLogger */ = {
			isa = XCSwiftPackageProductDependency;
			package = 2C3333E72A48C85A00990E4E /* XCRemoteSwiftPackageReference "KamaalSwift" */;
			productName = KamaalLogger;
		};
		2C545C762A37AEDB00A672E0 /* Users */ = {
			isa = XCSwiftPackageProductDependency;
			productName = Users;
		};
		2C6BAC0F29FD605200009E19 /* AppLocales */ = {
			isa = XCSwiftPackageProductDependency;
			productName = AppLocales;
		};
		2C9094B32A6C69A500160DE8 /* KamaalLogger */ = {
			isa = XCSwiftPackageProductDependency;
			package = 2C3333E72A48C85A00990E4E /* XCRemoteSwiftPackageReference "KamaalSwift" */;
			productName = KamaalLogger;
		};
		2CDCDD472A6ECAF600CF7757 /* AppLocales */ = {
			isa = XCSwiftPackageProductDependency;
			productName = AppLocales;
		};
		2CDCDD492A6ECAF600CF7757 /* Users */ = {
			isa = XCSwiftPackageProductDependency;
			productName = Users;
		};
		2CDCDD4A2A6ECAF600CF7757 /* Navigation */ = {
			isa = XCSwiftPackageProductDependency;
			productName = Navigation;
		};
		2CDCDD4B2A6ECAF600CF7757 /* CloudSyncing */ = {
			isa = XCSwiftPackageProductDependency;
			productName = CloudSyncing;
		};
		2CDCDD4C2A6ECAF600CF7757 /* KamaalLogger */ = {
			isa = XCSwiftPackageProductDependency;
			package = 2CDCDD4D2A6ECAF600CF7757 /* XCRemoteSwiftPackageReference "KamaalSwift" */;
			productName = KamaalLogger;
		};
		2CDF2BF42A3B9A9B007CA8FC /* Navigation */ = {
			isa = XCSwiftPackageProductDependency;
			productName = Navigation;
		};
		2CF434172AB5B87C004BB880 /* PhrasesV2 */ = {
			isa = XCSwiftPackageProductDependency;
			productName = PhrasesV2;
		};
		2CF434192AB5B88C004BB880 /* PhrasesV2 */ = {
			isa = XCSwiftPackageProductDependency;
			productName = PhrasesV2;
		};
/* End XCSwiftPackageProductDependency section */
	};
	rootObject = 2CB0271E29FD58DF0000F5AD /* Project object */;
}
