{
  "pins" : [
    {
      "identity" : "confettiswiftui",
      "kind" : "remoteSourceControl",
      "location" : "https://github.com/simibac/ConfettiSwiftUI.git",
      "state" : {
        "revision" : "8d3a15d0aa2991e0761749b767ef8d89bca6275a",
        "version" : "1.0.1"
      }
    },
    {
      "identity" : "kamaalswift",
      "kind" : "remoteSourceControl",
      "location" : "https://github.com/Kamaalio/KamaalSwift.git",
      "state" : {
        "revision" : "ac48e1d9ba222ef43e9ee0288fe7a5a9aecaa5d0",
        "version" : "0.6.0"
      }
    }
  ],
  "version" : 2
}
